// !$*UTF8*$!
{
	archiveVersion = 1;
	classes = {
	};
	objectVersion = 55;
	objects = {

/* Begin PBXBuildFile section */
		2803BD2829D3E4F900BCE031 /* LayoutMenuVC.swift in Sources */ = {isa = PBXBuildFile; fileRef = 2803BD2729D3E4F900BCE031 /* LayoutMenuVC.swift */; };
		2803BD2B29D3E64800BCE031 /* ContainerMenuVC.swift in Sources */ = {isa = PBXBuildFile; fileRef = 2803BD2A29D3E64800BCE031 /* ContainerMenuVC.swift */; };
		28090DC2288505FA00B91331 /* BaseVC.m in Sources */ = {isa = PBXBuildFile; fileRef = 28090DC1288505FA00B91331 /* BaseVC.m */; };
		28090DC4288506B000B91331 /* RuntimeVC.m in Sources */ = {isa = PBXBuildFile; fileRef = 28090DC3288506B000B91331 /* RuntimeVC.m */; };
		28090DC728850EF600B91331 /* Oc2SwiftTestsOC.m in Sources */ = {isa = PBXBuildFile; fileRef = 28090DC628850EF600B91331 /* Oc2SwiftTestsOC.m */; };
		28090DC928850F3300B91331 /* testRuntimeModel.m in Sources */ = {isa = PBXBuildFile; fileRef = 28090DC828850F3300B91331 /* testRuntimeModel.m */; };
		28090DCC288522AA00B91331 /* RuntimeModel.m in Sources */ = {isa = PBXBuildFile; fileRef = 28090DCB288522AA00B91331 /* RuntimeModel.m */; };
		28090DCF288523C400B91331 /* RuntimeModel+Property.m in Sources */ = {isa = PBXBuildFile; fileRef = 28090DCE288523C400B91331 /* RuntimeModel+Property.m */; };
		2809B08E29ECE608009F7FE5 /* ScrollTableViewVC.swift in Sources */ = {isa = PBXBuildFile; fileRef = 2809B08D29ECE608009F7FE5 /* ScrollTableViewVC.swift */; };
		280A48E3289AF3F2005DE4AE /* NSURLSessionVC.m in Sources */ = {isa = PBXBuildFile; fileRef = 280A48E2289AF3F2005DE4AE /* NSURLSessionVC.m */; };
		280F73472AB0B6C00023EB96 /* AutoLayoutTestVC.m in Sources */ = {isa = PBXBuildFile; fileRef = 280F73462AB0B6C00023EB96 /* AutoLayoutTestVC.m */; };
		2815963A28B3848E0015D720 /* RouterManager.swift in Sources */ = {isa = PBXBuildFile; fileRef = 2815963928B3848E0015D720 /* RouterManager.swift */; };
		281B884D288F8D4F007DD0BE /* MathFunctionVC.swift in Sources */ = {isa = PBXBuildFile; fileRef = 281B884C288F8D4F007DD0BE /* MathFunctionVC.swift */; };
		281B885028901C7D007DD0BE /* AnimationVC.swift in Sources */ = {isa = PBXBuildFile; fileRef = 281B884F28901C7D007DD0BE /* AnimationVC.swift */; };
		282498602A0D1D8F00845C6F /* HalfScreenPopView.swift in Sources */ = {isa = PBXBuildFile; fileRef = 2824985F2A0D1D8F00845C6F /* HalfScreenPopView.swift */; };
		282791992A337F76002C911B /* CustomDrawMenuVC.swift in Sources */ = {isa = PBXBuildFile; fileRef = 282791982A337F76002C911B /* CustomDrawMenuVC.swift */; };
		2827919B2A337FC4002C911B /* BaseMenuVC.swift in Sources */ = {isa = PBXBuildFile; fileRef = 2827919A2A337FC4002C911B /* BaseMenuVC.swift */; };
		2827919D2A3380F0002C911B /* CustomDrawLayerVC.swift in Sources */ = {isa = PBXBuildFile; fileRef = 2827919C2A3380F0002C911B /* CustomDrawLayerVC.swift */; };
		2827919F2A338105002C911B /* CustomDrawUIViewVC.swift in Sources */ = {isa = PBXBuildFile; fileRef = 2827919E2A338105002C911B /* CustomDrawUIViewVC.swift */; };
		2827C2D62835F47000330685 /* C2OcTestVC.m in Sources */ = {isa = PBXBuildFile; fileRef = 2827C2D52835F47000330685 /* C2OcTestVC.m */; };
		2828FB092AF0DC24004E74AF /* PanGestureError.m in Sources */ = {isa = PBXBuildFile; fileRef = 2828FB082AF0DC24004E74AF /* PanGestureError.m */; };
		282C7E4A29DAF6E200BC91C0 /* FocusIcon.swift in Sources */ = {isa = PBXBuildFile; fileRef = 282C7E4929DAF6E200BC91C0 /* FocusIcon.swift */; };
		282C7E4C29DEADE900BC91C0 /* close.png in Resources */ = {isa = PBXBuildFile; fileRef = 282C7E4B29DEADE900BC91C0 /* close.png */; };
		282C7E4E29DFB05400BC91C0 /* CordinateVC.swift in Sources */ = {isa = PBXBuildFile; fileRef = 282C7E4D29DFB05400BC91C0 /* CordinateVC.swift */; };
		2831717C287C17B500018486 /* NSInvocationVC.m in Sources */ = {isa = PBXBuildFile; fileRef = 2831717B287C17B500018486 /* NSInvocationVC.m */; };
		2837322D2A0D1D0000345D11 /* PopMenuView.swift in Sources */ = {isa = PBXBuildFile; fileRef = 2837322C2A0D1D0000345D11 /* PopMenuView.swift */; };
		2839EBAD29CE92EF00C518EA /* TouchEventVC.swift in Sources */ = {isa = PBXBuildFile; fileRef = 2839EBAC29CE92EF00C518EA /* TouchEventVC.swift */; };
		285E7C6429F8FA510048AAF0 /* ReviewInWindowVC.swift in Sources */ = {isa = PBXBuildFile; fileRef = 285E7C6329F8FA510048AAF0 /* ReviewInWindowVC.swift */; };
		2860B9532AA1C5E8003787E6 /* ErrorMasonryVC.m in Sources */ = {isa = PBXBuildFile; fileRef = 2860B9522AA1C5E8003787E6 /* ErrorMasonryVC.m */; };
		2862544728C71268007E3163 /* HomeModule.m in Sources */ = {isa = PBXBuildFile; fileRef = 2862544628C71268007E3163 /* HomeModule.m */; };
		2862544828C71268007E3163 /* HomeModule.m in Sources */ = {isa = PBXBuildFile; fileRef = 2862544628C71268007E3163 /* HomeModule.m */; };
		2873784C2895087D00977826 /* KeyBoardVC.swift in Sources */ = {isa = PBXBuildFile; fileRef = 2873784B2895087D00977826 /* KeyBoardVC.swift */; };
		288147EF2B5CFD270043F547 /* RuntimeMenuVC.swift in Sources */ = {isa = PBXBuildFile; fileRef = 288147EE2B5CFD270043F547 /* RuntimeMenuVC.swift */; };
		2881D0C92A540B2F006420B1 /* ReviewInWindowVC.m in Sources */ = {isa = PBXBuildFile; fileRef = 2881D0C82A540B2F006420B1 /* ReviewInWindowVC.m */; };
		2891154C29ECE3EA009C25FA /* EventMenuVC.swift in Sources */ = {isa = PBXBuildFile; fileRef = 2891154B29ECE3EA009C25FA /* EventMenuVC.swift */; };
		289F03CB2924BD1400D183E3 /* FlexVC.swift in Sources */ = {isa = PBXBuildFile; fileRef = 289F03CA2924BD1400D183E3 /* FlexVC.swift */; };
		28A0A799283B9C6700A6C2EF /* CutomFlutterVC.swift in Sources */ = {isa = PBXBuildFile; fileRef = 28A0A798283B9C6700A6C2EF /* CutomFlutterVC.swift */; };
		28A0A79D283BAC5A00A6C2EF /* native_add.cpp in Sources */ = {isa = PBXBuildFile; fileRef = 28A0A79B283BAC5A00A6C2EF /* native_add.cpp */; };
		28AE614F28A3DF9A00AB6739 /* MiddleProxy.m in Sources */ = {isa = PBXBuildFile; fileRef = 28AE614E28A3DF9A00AB6739 /* MiddleProxy.m */; };
		28B038752835081C007B3817 /* AppDelegate.swift in Sources */ = {isa = PBXBuildFile; fileRef = 28B038742835081C007B3817 /* AppDelegate.swift */; };
		28B038772835081C007B3817 /* SceneDelegate.swift in Sources */ = {isa = PBXBuildFile; fileRef = 28B038762835081C007B3817 /* SceneDelegate.swift */; };
		28B038792835081C007B3817 /* ViewController.swift in Sources */ = {isa = PBXBuildFile; fileRef = 28B038782835081C007B3817 /* ViewController.swift */; };
		28B0387C2835081C007B3817 /* Main.storyboard in Resources */ = {isa = PBXBuildFile; fileRef = 28B0387A2835081C007B3817 /* Main.storyboard */; };
		28B0387E2835081E007B3817 /* Assets.xcassets in Resources */ = {isa = PBXBuildFile; fileRef = 28B0387D2835081E007B3817 /* Assets.xcassets */; };
		28B038812835081E007B3817 /* LaunchScreen.storyboard in Resources */ = {isa = PBXBuildFile; fileRef = 28B0387F2835081E007B3817 /* LaunchScreen.storyboard */; };
		28B0388C2835081E007B3817 /* Oc2SwiftTests.swift in Sources */ = {isa = PBXBuildFile; fileRef = 28B0388B2835081E007B3817 /* Oc2SwiftTests.swift */; };
		28B038962835081E007B3817 /* Oc2SwiftUITests.swift in Sources */ = {isa = PBXBuildFile; fileRef = 28B038952835081E007B3817 /* Oc2SwiftUITests.swift */; };
		28B038982835081E007B3817 /* Oc2SwiftUITestsLaunchTests.swift in Sources */ = {isa = PBXBuildFile; fileRef = 28B038972835081E007B3817 /* Oc2SwiftUITestsLaunchTests.swift */; };
		28B038A528350888007B3817 /* CustomNavVC.swift in Sources */ = {isa = PBXBuildFile; fileRef = 28B038A428350888007B3817 /* CustomNavVC.swift */; };
		28B6358529E8DDCA00C5F1F7 /* UIViewCheckMenu.swift in Sources */ = {isa = PBXBuildFile; fileRef = 28B6358429E8DDCA00C5F1F7 /* UIViewCheckMenu.swift */; };
		28B6358829E8EE4700C5F1F7 /* UIView+Check.m in Sources */ = {isa = PBXBuildFile; fileRef = 28B6358729E8EE4700C5F1F7 /* UIView+Check.m */; };
		28B9C7DE29CC214A00347117 /* DebugMenu.swift in Sources */ = {isa = PBXBuildFile; fileRef = 28B9C7DD29CC214A00347117 /* DebugMenu.swift */; };
		28B9C7E029CC21E200347117 /* SwitchCell.swift in Sources */ = {isa = PBXBuildFile; fileRef = 28B9C7DF29CC21E200347117 /* SwitchCell.swift */; };
		28B9C7E329CC3A1200347117 /* DebugIcon.swift in Sources */ = {isa = PBXBuildFile; fileRef = 28B9C7E229CC3A1200347117 /* DebugIcon.swift */; };
		28B9C7E529CC409D00347117 /* BaseCell.swift in Sources */ = {isa = PBXBuildFile; fileRef = 28B9C7E429CC409D00347117 /* BaseCell.swift */; };
		28CBCA1428A0F06A0050AE67 /* BlockVC.m in Sources */ = {isa = PBXBuildFile; fileRef = 28CBCA1328A0F06A0050AE67 /* BlockVC.m */; };
		28CBCA1728A0F0BE0050AE67 /* BlkObject.m in Sources */ = {isa = PBXBuildFile; fileRef = 28CBCA1628A0F0BE0050AE67 /* BlkObject.m */; };
		28CC038C28ADE8F8005497ED /* UIOptimizationVC.swift in Sources */ = {isa = PBXBuildFile; fileRef = 28CC038B28ADE8F8005497ED /* UIOptimizationVC.swift */; };
		28CC038E28ADEAB5005497ED /* TableViewOptimizationVC.swift in Sources */ = {isa = PBXBuildFile; fileRef = 28CC038D28ADEAB5005497ED /* TableViewOptimizationVC.swift */; };
		28CC039028AE08B3005497ED /* FastCellList.swift in Sources */ = {isa = PBXBuildFile; fileRef = 28CC038F28AE08B3005497ED /* FastCellList.swift */; };
		28D601862A592F37002D2C6C /* RunLoopMenuVC.swift in Sources */ = {isa = PBXBuildFile; fileRef = 28D601852A592F37002D2C6C /* RunLoopMenuVC.swift */; };
		28D601892A59331A002D2C6C /* DynamicUIViewCheckVC.m in Sources */ = {isa = PBXBuildFile; fileRef = 28D601882A59331A002D2C6C /* DynamicUIViewCheckVC.m */; };
		28D6018B2A6665C9002D2C6C /* ImageUtil.swift in Sources */ = {isa = PBXBuildFile; fileRef = 28D6018A2A6665C9002D2C6C /* ImageUtil.swift */; };
		28D77C5F2899420C0076B8A3 /* ImageVC.swift in Sources */ = {isa = PBXBuildFile; fileRef = 28D77C5E2899420C0076B8A3 /* ImageVC.swift */; };
		28D77C622899453D0076B8A3 /* cat.webp in Resources */ = {isa = PBXBuildFile; fileRef = 28D77C612899453D0076B8A3 /* cat.webp */; };
		28DB903B28904F5A00F2F141 /* NavigationVC.swift in Sources */ = {isa = PBXBuildFile; fileRef = 28DB903A28904F5A00F2F141 /* NavigationVC.swift */; };
		28DEA62328AC9C9800B2299B /* LeaksVC.m in Sources */ = {isa = PBXBuildFile; fileRef = 28DEA62228AC9C9800B2299B /* LeaksVC.m */; };
		28DEA62728ACE08800B2299B /* KVOVC.m in Sources */ = {isa = PBXBuildFile; fileRef = 28DEA62628ACE08800B2299B /* KVOVC.m */; };
		28F2C5EB288130EC00A23E84 /* FrameBoundVC.swift in Sources */ = {isa = PBXBuildFile; fileRef = 28F2C5EA288130EC00A23E84 /* FrameBoundVC.swift */; };
		28F2C5EE2881443900A23E84 /* RelativeScrollVC.swift in Sources */ = {isa = PBXBuildFile; fileRef = 28F2C5ED2881443900A23E84 /* RelativeScrollVC.swift */; };
		28F58991289BF9D900773AFC /* OperationVC.m in Sources */ = {isa = PBXBuildFile; fileRef = 28F58990289BF9D900773AFC /* OperationVC.m */; };
		28FB4AF62871940A008B7BF7 /* LayoutTestVC.swift in Sources */ = {isa = PBXBuildFile; fileRef = 28FB4AF52871940A008B7BF7 /* LayoutTestVC.swift */; };
		28FB4AF92871D915008B7BF7 /* LayoutOrderTestVC.swift in Sources */ = {isa = PBXBuildFile; fileRef = 28FB4AF82871D915008B7BF7 /* LayoutOrderTestVC.swift */; };
		28FB4AFB2873DE34008B7BF7 /* AutoTableHeaderVC.swift in Sources */ = {isa = PBXBuildFile; fileRef = 28FB4AFA2873DE34008B7BF7 /* AutoTableHeaderVC.swift */; };
		28FB4AFE2876D4CE008B7BF7 /* RunLoopVC.swift in Sources */ = {isa = PBXBuildFile; fileRef = 28FB4AFD2876D4CE008B7BF7 /* RunLoopVC.swift */; };
		28FF63C92893121A00DEF69A /* Device.swift in Sources */ = {isa = PBXBuildFile; fileRef = 28FF63C82893121A00DEF69A /* Device.swift */; };
		B42F9969A5BA3CB766853FEF /* libPods-Oc2Swift.a in Frameworks */ = {isa = PBXBuildFile; fileRef = D99E41C315D11FE443436B5F /* libPods-Oc2Swift.a */; };
		DA159F4A288689EF0041188C /* RtmCar.m in Sources */ = {isa = PBXBuildFile; fileRef = DA159F49288689EF0041188C /* RtmCar.m */; };
		DA159F4C2886AA070041188C /* RtmCarType.m in Sources */ = {isa = PBXBuildFile; fileRef = DA159F4B2886AA070041188C /* RtmCarType.m */; };
		DA159F4E2886AAEC0041188C /* RtmCarColor.m in Sources */ = {isa = PBXBuildFile; fileRef = DA159F4D2886AAEC0041188C /* RtmCarColor.m */; };
		DA159F502886B61C0041188C /* TabVCs.swift in Sources */ = {isa = PBXBuildFile; fileRef = DA159F4F2886B61C0041188C /* TabVCs.swift */; };
		DA159F532886CF3A0041188C /* HomePage.swift in Sources */ = {isa = PBXBuildFile; fileRef = DA159F522886CF3A0041188C /* HomePage.swift */; };
		DA159F552886CF430041188C /* Personal.swift in Sources */ = {isa = PBXBuildFile; fileRef = DA159F542886CF430041188C /* Personal.swift */; };
		DA159F572886CF550041188C /* Contacts.swift in Sources */ = {isa = PBXBuildFile; fileRef = DA159F562886CF550041188C /* Contacts.swift */; };
		DA159F592886D3DB0041188C /* TabArrView.swift in Sources */ = {isa = PBXBuildFile; fileRef = DA159F582886D3DB0041188C /* TabArrView.swift */; };
		DA159F5B2887D7080041188C /* TabScrollView.swift in Sources */ = {isa = PBXBuildFile; fileRef = DA159F5A2887D7080041188C /* TabScrollView.swift */; };
		DA159F5E288AA75B0041188C /* MyPageControllerVC.swift in Sources */ = {isa = PBXBuildFile; fileRef = DA159F5D288AA75B0041188C /* MyPageControllerVC.swift */; };
		E9FBABA6359E8D2EA01D5D32 /* libPods-Oc2SwiftTests.a in Frameworks */ = {isa = PBXBuildFile; fileRef = 52BD9016209CDFE9DFB014B6 /* libPods-Oc2SwiftTests.a */; };
/* End PBXBuildFile section */

/* Begin PBXContainerItemProxy section */
		28B038882835081E007B3817 /* PBXContainerItemProxy */ = {
			isa = PBXContainerItemProxy;
			containerPortal = 28B038692835081C007B3817 /* Project object */;
			proxyType = 1;
			remoteGlobalIDString = 28B038702835081C007B3817;
			remoteInfo = Oc2Swift;
		};
		28B038922835081E007B3817 /* PBXContainerItemProxy */ = {
			isa = PBXContainerItemProxy;
			containerPortal = 28B038692835081C007B3817 /* Project object */;
			proxyType = 1;
			remoteGlobalIDString = 28B038702835081C007B3817;
			remoteInfo = Oc2Swift;
		};
/* End PBXContainerItemProxy section */

/* Begin PBXFileReference section */
		2803BD2729D3E4F900BCE031 /* LayoutMenuVC.swift */ = {isa = PBXFileReference; lastKnownFileType = sourcecode.swift; path = LayoutMenuVC.swift; sourceTree = "<group>"; };
		2803BD2A29D3E64800BCE031 /* ContainerMenuVC.swift */ = {isa = PBXFileReference; lastKnownFileType = sourcecode.swift; path = ContainerMenuVC.swift; sourceTree = "<group>"; };
		28090DBE288505D500B91331 /* RuntimeVC.h */ = {isa = PBXFileReference; lastKnownFileType = sourcecode.c.h; path = RuntimeVC.h; sourceTree = "<group>"; };
		28090DC0288505F000B91331 /* BaseVC.h */ = {isa = PBXFileReference; lastKnownFileType = sourcecode.c.h; path = BaseVC.h; sourceTree = "<group>"; };
		28090DC1288505FA00B91331 /* BaseVC.m */ = {isa = PBXFileReference; lastKnownFileType = sourcecode.c.objc; path = BaseVC.m; sourceTree = "<group>"; };
		28090DC3288506B000B91331 /* RuntimeVC.m */ = {isa = PBXFileReference; lastKnownFileType = sourcecode.c.objc; path = RuntimeVC.m; sourceTree = "<group>"; };
		28090DC528850EF600B91331 /* Oc2SwiftTests-Bridging-Header.h */ = {isa = PBXFileReference; lastKnownFileType = sourcecode.c.h; path = "Oc2SwiftTests-Bridging-Header.h"; sourceTree = "<group>"; };
		28090DC628850EF600B91331 /* Oc2SwiftTestsOC.m */ = {isa = PBXFileReference; lastKnownFileType = sourcecode.c.objc; path = Oc2SwiftTestsOC.m; sourceTree = "<group>"; };
		28090DC828850F3300B91331 /* testRuntimeModel.m */ = {isa = PBXFileReference; lastKnownFileType = sourcecode.c.objc; path = testRuntimeModel.m; sourceTree = "<group>"; };
		28090DCA288522A000B91331 /* RuntimeModel.h */ = {isa = PBXFileReference; lastKnownFileType = sourcecode.c.h; path = RuntimeModel.h; sourceTree = "<group>"; };
		28090DCB288522AA00B91331 /* RuntimeModel.m */ = {isa = PBXFileReference; lastKnownFileType = sourcecode.c.objc; path = RuntimeModel.m; sourceTree = "<group>"; };
		28090DCD288523B800B91331 /* RuntimeModel+Property.h */ = {isa = PBXFileReference; lastKnownFileType = sourcecode.c.h; path = "RuntimeModel+Property.h"; sourceTree = "<group>"; };
		28090DCE288523C400B91331 /* RuntimeModel+Property.m */ = {isa = PBXFileReference; lastKnownFileType = sourcecode.c.objc; path = "RuntimeModel+Property.m"; sourceTree = "<group>"; };
		28090DD32885624500B91331 /* RtmCar.h */ = {isa = PBXFileReference; lastKnownFileType = sourcecode.c.h; path = RtmCar.h; sourceTree = "<group>"; };
		28090DD42885630200B91331 /* RtmCarType.h */ = {isa = PBXFileReference; lastKnownFileType = sourcecode.c.h; path = RtmCarType.h; sourceTree = "<group>"; };
		28090DD52885631B00B91331 /* RtmCarColor.h */ = {isa = PBXFileReference; lastKnownFileType = sourcecode.c.h; path = RtmCarColor.h; sourceTree = "<group>"; };
		2809B08D29ECE608009F7FE5 /* ScrollTableViewVC.swift */ = {isa = PBXFileReference; lastKnownFileType = sourcecode.swift; path = ScrollTableViewVC.swift; sourceTree = "<group>"; };
		280A48E1289AF3AF005DE4AE /* NSURLSessionVC.h */ = {isa = PBXFileReference; lastKnownFileType = sourcecode.c.h; path = NSURLSessionVC.h; sourceTree = "<group>"; };
		280A48E2289AF3F2005DE4AE /* NSURLSessionVC.m */ = {isa = PBXFileReference; lastKnownFileType = sourcecode.c.objc; path = NSURLSessionVC.m; sourceTree = "<group>"; };
		280F73452AB0B6B80023EB96 /* AutoLayoutTestVC.h */ = {isa = PBXFileReference; lastKnownFileType = sourcecode.c.h; path = AutoLayoutTestVC.h; sourceTree = "<group>"; };
		280F73462AB0B6C00023EB96 /* AutoLayoutTestVC.m */ = {isa = PBXFileReference; lastKnownFileType = sourcecode.c.objc; path = AutoLayoutTestVC.m; sourceTree = "<group>"; };
		2815963928B3848E0015D720 /* RouterManager.swift */ = {isa = PBXFileReference; lastKnownFileType = sourcecode.swift; path = RouterManager.swift; sourceTree = "<group>"; };
		281B884C288F8D4F007DD0BE /* MathFunctionVC.swift */ = {isa = PBXFileReference; lastKnownFileType = sourcecode.swift; path = MathFunctionVC.swift; sourceTree = "<group>"; };
		281B884F28901C7D007DD0BE /* AnimationVC.swift */ = {isa = PBXFileReference; lastKnownFileType = sourcecode.swift; path = AnimationVC.swift; sourceTree = "<group>"; };
		2824985F2A0D1D8F00845C6F /* HalfScreenPopView.swift */ = {isa = PBXFileReference; lastKnownFileType = sourcecode.swift; path = HalfScreenPopView.swift; sourceTree = "<group>"; };
		282791982A337F76002C911B /* CustomDrawMenuVC.swift */ = {isa = PBXFileReference; lastKnownFileType = sourcecode.swift; path = CustomDrawMenuVC.swift; sourceTree = "<group>"; };
		2827919A2A337FC4002C911B /* BaseMenuVC.swift */ = {isa = PBXFileReference; lastKnownFileType = sourcecode.swift; path = BaseMenuVC.swift; sourceTree = "<group>"; };
		2827919C2A3380F0002C911B /* CustomDrawLayerVC.swift */ = {isa = PBXFileReference; lastKnownFileType = sourcecode.swift; path = CustomDrawLayerVC.swift; sourceTree = "<group>"; };
		2827919E2A338105002C911B /* CustomDrawUIViewVC.swift */ = {isa = PBXFileReference; lastKnownFileType = sourcecode.swift; path = CustomDrawUIViewVC.swift; sourceTree = "<group>"; };
		2827C2D32835F46500330685 /* C2OcTestVC.h */ = {isa = PBXFileReference; lastKnownFileType = sourcecode.c.h; path = C2OcTestVC.h; sourceTree = "<group>"; };
		2827C2D42835F47000330685 /* Oc2Swift-Bridging-Header.h */ = {isa = PBXFileReference; lastKnownFileType = sourcecode.c.h; path = "Oc2Swift-Bridging-Header.h"; sourceTree = "<group>"; };
		2827C2D52835F47000330685 /* C2OcTestVC.m */ = {isa = PBXFileReference; lastKnownFileType = sourcecode.c.objc; path = C2OcTestVC.m; sourceTree = "<group>"; };
		2828FB072AF0DC1E004E74AF /* PanGestureError.h */ = {isa = PBXFileReference; lastKnownFileType = sourcecode.c.h; path = PanGestureError.h; sourceTree = "<group>"; };
		2828FB082AF0DC24004E74AF /* PanGestureError.m */ = {isa = PBXFileReference; lastKnownFileType = sourcecode.c.objc; path = PanGestureError.m; sourceTree = "<group>"; };
		282C7E4929DAF6E200BC91C0 /* FocusIcon.swift */ = {isa = PBXFileReference; lastKnownFileType = sourcecode.swift; path = FocusIcon.swift; sourceTree = "<group>"; };
		282C7E4B29DEADE900BC91C0 /* close.png */ = {isa = PBXFileReference; lastKnownFileType = image.png; path = close.png; sourceTree = "<group>"; };
		282C7E4D29DFB05400BC91C0 /* CordinateVC.swift */ = {isa = PBXFileReference; lastKnownFileType = sourcecode.swift; path = CordinateVC.swift; sourceTree = "<group>"; };
		2831717A287C17AC00018486 /* NSInvocationVC.h */ = {isa = PBXFileReference; lastKnownFileType = sourcecode.c.h; path = NSInvocationVC.h; sourceTree = "<group>"; };
		2831717B287C17B500018486 /* NSInvocationVC.m */ = {isa = PBXFileReference; lastKnownFileType = sourcecode.c.objc; path = NSInvocationVC.m; sourceTree = "<group>"; };
		2837322C2A0D1D0000345D11 /* PopMenuView.swift */ = {isa = PBXFileReference; lastKnownFileType = sourcecode.swift; path = PopMenuView.swift; sourceTree = "<group>"; };
		2839EBAC29CE92EF00C518EA /* TouchEventVC.swift */ = {isa = PBXFileReference; lastKnownFileType = sourcecode.swift; path = TouchEventVC.swift; sourceTree = "<group>"; };
		285E7C6329F8FA510048AAF0 /* ReviewInWindowVC.swift */ = {isa = PBXFileReference; lastKnownFileType = sourcecode.swift; path = ReviewInWindowVC.swift; sourceTree = "<group>"; };
		2860B9512AA1C5E3003787E6 /* ErrorMasonryVC.h */ = {isa = PBXFileReference; lastKnownFileType = sourcecode.c.h; path = ErrorMasonryVC.h; sourceTree = "<group>"; };
		2860B9522AA1C5E8003787E6 /* ErrorMasonryVC.m */ = {isa = PBXFileReference; lastKnownFileType = sourcecode.c.objc; path = ErrorMasonryVC.m; sourceTree = "<group>"; };
		2862544528C7125D007E3163 /* HomeModule.h */ = {isa = PBXFileReference; lastKnownFileType = sourcecode.c.h; path = HomeModule.h; sourceTree = "<group>"; };
		2862544628C71268007E3163 /* HomeModule.m */ = {isa = PBXFileReference; lastKnownFileType = sourcecode.c.objc; path = HomeModule.m; sourceTree = "<group>"; };
		2873784B2895087D00977826 /* KeyBoardVC.swift */ = {isa = PBXFileReference; lastKnownFileType = sourcecode.swift; path = KeyBoardVC.swift; sourceTree = "<group>"; };
		288147EE2B5CFD270043F547 /* RuntimeMenuVC.swift */ = {isa = PBXFileReference; lastKnownFileType = sourcecode.swift; path = RuntimeMenuVC.swift; sourceTree = "<group>"; };
		2881D0C72A540B29006420B1 /* ReviewInWindowVC.h */ = {isa = PBXFileReference; lastKnownFileType = sourcecode.c.h; path = ReviewInWindowVC.h; sourceTree = "<group>"; };
		2881D0C82A540B2F006420B1 /* ReviewInWindowVC.m */ = {isa = PBXFileReference; lastKnownFileType = sourcecode.c.objc; path = ReviewInWindowVC.m; sourceTree = "<group>"; };
		2891154B29ECE3EA009C25FA /* EventMenuVC.swift */ = {isa = PBXFileReference; lastKnownFileType = sourcecode.swift; path = EventMenuVC.swift; sourceTree = "<group>"; };
		289F03CA2924BD1400D183E3 /* FlexVC.swift */ = {isa = PBXFileReference; lastKnownFileType = sourcecode.swift; path = FlexVC.swift; sourceTree = "<group>"; };
		28A0A78B283B844D00A6C2EF /* App.xcframework */ = {isa = PBXFileReference; lastKnownFileType = wrapper.xcframework; name = App.xcframework; path = Flutter/Debug/App.xcframework; sourceTree = "<group>"; };
		28A0A78F283B844F00A6C2EF /* learnflutter.xcframework */ = {isa = PBXFileReference; lastKnownFileType = wrapper.xcframework; name = learnflutter.xcframework; path = Flutter/Debug/learnflutter.xcframework; sourceTree = "<group>"; };
		28A0A792283B84E900A6C2EF /* Flutter.xcframework */ = {isa = PBXFileReference; lastKnownFileType = wrapper.xcframework; name = Flutter.xcframework; path = ../Pods/Flutter/Flutter.xcframework; sourceTree = "<group>"; };
		28A0A798283B9C6700A6C2EF /* CutomFlutterVC.swift */ = {isa = PBXFileReference; lastKnownFileType = sourcecode.swift; path = CutomFlutterVC.swift; sourceTree = "<group>"; };
		28A0A79B283BAC5A00A6C2EF /* native_add.cpp */ = {isa = PBXFileReference; lastKnownFileType = sourcecode.cpp.cpp; path = native_add.cpp; sourceTree = "<group>"; };
		28A0A79C283BAC5A00A6C2EF /* native_add.hpp */ = {isa = PBXFileReference; lastKnownFileType = sourcecode.cpp.h; path = native_add.hpp; sourceTree = "<group>"; };
		28AE614D28A3DF9500AB6739 /* MiddleProxy.h */ = {isa = PBXFileReference; lastKnownFileType = sourcecode.c.h; path = MiddleProxy.h; sourceTree = "<group>"; };
		28AE614E28A3DF9A00AB6739 /* MiddleProxy.m */ = {isa = PBXFileReference; lastKnownFileType = sourcecode.c.objc; path = MiddleProxy.m; sourceTree = "<group>"; };
		28B038712835081C007B3817 /* Oc2Swift.app */ = {isa = PBXFileReference; explicitFileType = wrapper.application; includeInIndex = 0; path = Oc2Swift.app; sourceTree = BUILT_PRODUCTS_DIR; };
		28B038742835081C007B3817 /* AppDelegate.swift */ = {isa = PBXFileReference; lastKnownFileType = sourcecode.swift; path = AppDelegate.swift; sourceTree = "<group>"; };
		28B038762835081C007B3817 /* SceneDelegate.swift */ = {isa = PBXFileReference; lastKnownFileType = sourcecode.swift; path = SceneDelegate.swift; sourceTree = "<group>"; };
		28B038782835081C007B3817 /* ViewController.swift */ = {isa = PBXFileReference; lastKnownFileType = sourcecode.swift; path = ViewController.swift; sourceTree = "<group>"; };
		28B0387B2835081C007B3817 /* Base */ = {isa = PBXFileReference; lastKnownFileType = file.storyboard; name = Base; path = Base.lproj/Main.storyboard; sourceTree = "<group>"; };
		28B0387D2835081E007B3817 /* Assets.xcassets */ = {isa = PBXFileReference; lastKnownFileType = folder.assetcatalog; path = Assets.xcassets; sourceTree = "<group>"; };
		28B038802835081E007B3817 /* Base */ = {isa = PBXFileReference; lastKnownFileType = file.storyboard; name = Base; path = Base.lproj/LaunchScreen.storyboard; sourceTree = "<group>"; };
		28B038822835081E007B3817 /* Info.plist */ = {isa = PBXFileReference; lastKnownFileType = text.plist.xml; path = Info.plist; sourceTree = "<group>"; };
		28B038872835081E007B3817 /* Oc2SwiftTests.xctest */ = {isa = PBXFileReference; explicitFileType = wrapper.cfbundle; includeInIndex = 0; path = Oc2SwiftTests.xctest; sourceTree = BUILT_PRODUCTS_DIR; };
		28B0388B2835081E007B3817 /* Oc2SwiftTests.swift */ = {isa = PBXFileReference; lastKnownFileType = sourcecode.swift; path = Oc2SwiftTests.swift; sourceTree = "<group>"; };
		28B038912835081E007B3817 /* Oc2SwiftUITests.xctest */ = {isa = PBXFileReference; explicitFileType = wrapper.cfbundle; includeInIndex = 0; path = Oc2SwiftUITests.xctest; sourceTree = BUILT_PRODUCTS_DIR; };
		28B038952835081E007B3817 /* Oc2SwiftUITests.swift */ = {isa = PBXFileReference; lastKnownFileType = sourcecode.swift; path = Oc2SwiftUITests.swift; sourceTree = "<group>"; };
		28B038972835081E007B3817 /* Oc2SwiftUITestsLaunchTests.swift */ = {isa = PBXFileReference; lastKnownFileType = sourcecode.swift; path = Oc2SwiftUITestsLaunchTests.swift; sourceTree = "<group>"; };
		28B038A428350888007B3817 /* CustomNavVC.swift */ = {isa = PBXFileReference; lastKnownFileType = sourcecode.swift; path = CustomNavVC.swift; sourceTree = "<group>"; };
		28B6358429E8DDCA00C5F1F7 /* UIViewCheckMenu.swift */ = {isa = PBXFileReference; lastKnownFileType = sourcecode.swift; path = UIViewCheckMenu.swift; sourceTree = "<group>"; };
		28B6358629E8EDEB00C5F1F7 /* UIView+Check.h */ = {isa = PBXFileReference; lastKnownFileType = sourcecode.c.h; path = "UIView+Check.h"; sourceTree = "<group>"; };
		28B6358729E8EE4700C5F1F7 /* UIView+Check.m */ = {isa = PBXFileReference; lastKnownFileType = sourcecode.c.objc; path = "UIView+Check.m"; sourceTree = "<group>"; };
		28B9C7DD29CC214A00347117 /* DebugMenu.swift */ = {isa = PBXFileReference; lastKnownFileType = sourcecode.swift; path = DebugMenu.swift; sourceTree = "<group>"; };
		28B9C7DF29CC21E200347117 /* SwitchCell.swift */ = {isa = PBXFileReference; lastKnownFileType = sourcecode.swift; path = SwitchCell.swift; sourceTree = "<group>"; };
		28B9C7E229CC3A1200347117 /* DebugIcon.swift */ = {isa = PBXFileReference; lastKnownFileType = sourcecode.swift; path = DebugIcon.swift; sourceTree = "<group>"; };
		28B9C7E429CC409D00347117 /* BaseCell.swift */ = {isa = PBXFileReference; lastKnownFileType = sourcecode.swift; path = BaseCell.swift; sourceTree = "<group>"; };
		28CBCA1228A0F03D0050AE67 /* BlockVC.h */ = {isa = PBXFileReference; lastKnownFileType = sourcecode.c.h; path = BlockVC.h; sourceTree = "<group>"; };
		28CBCA1328A0F06A0050AE67 /* BlockVC.m */ = {isa = PBXFileReference; lastKnownFileType = sourcecode.c.objc; path = BlockVC.m; sourceTree = "<group>"; };
		28CBCA1528A0F0A10050AE67 /* BlkObject.h */ = {isa = PBXFileReference; lastKnownFileType = sourcecode.c.h; path = BlkObject.h; sourceTree = "<group>"; };
		28CBCA1628A0F0BE0050AE67 /* BlkObject.m */ = {isa = PBXFileReference; lastKnownFileType = sourcecode.c.objc; path = BlkObject.m; sourceTree = "<group>"; };
		28CC038B28ADE8F8005497ED /* UIOptimizationVC.swift */ = {isa = PBXFileReference; lastKnownFileType = sourcecode.swift; path = UIOptimizationVC.swift; sourceTree = "<group>"; };
		28CC038D28ADEAB5005497ED /* TableViewOptimizationVC.swift */ = {isa = PBXFileReference; lastKnownFileType = sourcecode.swift; path = TableViewOptimizationVC.swift; sourceTree = "<group>"; };
		28CC038F28AE08B3005497ED /* FastCellList.swift */ = {isa = PBXFileReference; lastKnownFileType = sourcecode.swift; path = FastCellList.swift; sourceTree = "<group>"; };
		28D570272AD647B700335851 /* README.md */ = {isa = PBXFileReference; lastKnownFileType = net.daringfireball.markdown; path = README.md; sourceTree = "<group>"; };
		28D601852A592F37002D2C6C /* RunLoopMenuVC.swift */ = {isa = PBXFileReference; lastKnownFileType = sourcecode.swift; path = RunLoopMenuVC.swift; sourceTree = "<group>"; };
		28D601872A593315002D2C6C /* DynamicUIViewCheckVC.h */ = {isa = PBXFileReference; lastKnownFileType = sourcecode.c.h; path = DynamicUIViewCheckVC.h; sourceTree = "<group>"; };
		28D601882A59331A002D2C6C /* DynamicUIViewCheckVC.m */ = {isa = PBXFileReference; lastKnownFileType = sourcecode.c.objc; path = DynamicUIViewCheckVC.m; sourceTree = "<group>"; };
		28D6018A2A6665C9002D2C6C /* ImageUtil.swift */ = {isa = PBXFileReference; lastKnownFileType = sourcecode.swift; path = ImageUtil.swift; sourceTree = "<group>"; };
		28D77C5E2899420C0076B8A3 /* ImageVC.swift */ = {isa = PBXFileReference; lastKnownFileType = sourcecode.swift; path = ImageVC.swift; sourceTree = "<group>"; };
		28D77C612899453D0076B8A3 /* cat.webp */ = {isa = PBXFileReference; lastKnownFileType = file; path = cat.webp; sourceTree = "<group>"; };
		28DB903A28904F5A00F2F141 /* NavigationVC.swift */ = {isa = PBXFileReference; lastKnownFileType = sourcecode.swift; path = NavigationVC.swift; sourceTree = "<group>"; };
		28DEA62128AC9C7300B2299B /* LeaksVC.h */ = {isa = PBXFileReference; lastKnownFileType = sourcecode.c.h; path = LeaksVC.h; sourceTree = "<group>"; };
		28DEA62228AC9C9800B2299B /* LeaksVC.m */ = {isa = PBXFileReference; lastKnownFileType = sourcecode.c.objc; path = LeaksVC.m; sourceTree = "<group>"; };
		28DEA62528ACE07B00B2299B /* KVOVC.h */ = {isa = PBXFileReference; lastKnownFileType = sourcecode.c.h; path = KVOVC.h; sourceTree = "<group>"; };
		28DEA62628ACE08800B2299B /* KVOVC.m */ = {isa = PBXFileReference; lastKnownFileType = sourcecode.c.objc; path = KVOVC.m; sourceTree = "<group>"; };
		28F2C5EA288130EC00A23E84 /* FrameBoundVC.swift */ = {isa = PBXFileReference; lastKnownFileType = sourcecode.swift; path = FrameBoundVC.swift; sourceTree = "<group>"; };
		28F2C5ED2881443900A23E84 /* RelativeScrollVC.swift */ = {isa = PBXFileReference; fileEncoding = 4; lastKnownFileType = sourcecode.swift; path = RelativeScrollVC.swift; sourceTree = "<group>"; };
		28F5898F289BF9D200773AFC /* OperationVC.h */ = {isa = PBXFileReference; lastKnownFileType = sourcecode.c.h; path = OperationVC.h; sourceTree = "<group>"; };
		28F58990289BF9D900773AFC /* OperationVC.m */ = {isa = PBXFileReference; lastKnownFileType = sourcecode.c.objc; path = OperationVC.m; sourceTree = "<group>"; };
		28FB4AF52871940A008B7BF7 /* LayoutTestVC.swift */ = {isa = PBXFileReference; lastKnownFileType = sourcecode.swift; path = LayoutTestVC.swift; sourceTree = "<group>"; };
		28FB4AF82871D915008B7BF7 /* LayoutOrderTestVC.swift */ = {isa = PBXFileReference; lastKnownFileType = sourcecode.swift; path = LayoutOrderTestVC.swift; sourceTree = "<group>"; };
		28FB4AFA2873DE34008B7BF7 /* AutoTableHeaderVC.swift */ = {isa = PBXFileReference; lastKnownFileType = sourcecode.swift; path = AutoTableHeaderVC.swift; sourceTree = "<group>"; };
		28FB4AFD2876D4CE008B7BF7 /* RunLoopVC.swift */ = {isa = PBXFileReference; lastKnownFileType = sourcecode.swift; path = RunLoopVC.swift; sourceTree = "<group>"; };
		28FF63C82893121A00DEF69A /* Device.swift */ = {isa = PBXFileReference; lastKnownFileType = sourcecode.swift; path = Device.swift; sourceTree = "<group>"; };
		384AF5065E8F7541B248BDB0 /* Pods-Oc2SwiftTests.release.xcconfig */ = {isa = PBXFileReference; includeInIndex = 1; lastKnownFileType = text.xcconfig; name = "Pods-Oc2SwiftTests.release.xcconfig"; path = "Target Support Files/Pods-Oc2SwiftTests/Pods-Oc2SwiftTests.release.xcconfig"; sourceTree = "<group>"; };
		52BD9016209CDFE9DFB014B6 /* libPods-Oc2SwiftTests.a */ = {isa = PBXFileReference; explicitFileType = archive.ar; includeInIndex = 0; path = "libPods-Oc2SwiftTests.a"; sourceTree = BUILT_PRODUCTS_DIR; };
		9957360565F97A6A1508AC4C /* Pods-Oc2Swift.release.xcconfig */ = {isa = PBXFileReference; includeInIndex = 1; lastKnownFileType = text.xcconfig; name = "Pods-Oc2Swift.release.xcconfig"; path = "Target Support Files/Pods-Oc2Swift/Pods-Oc2Swift.release.xcconfig"; sourceTree = "<group>"; };
		A91FED6C94B45FE335D69F69 /* Pods-Oc2SwiftTests.debug.xcconfig */ = {isa = PBXFileReference; includeInIndex = 1; lastKnownFileType = text.xcconfig; name = "Pods-Oc2SwiftTests.debug.xcconfig"; path = "Target Support Files/Pods-Oc2SwiftTests/Pods-Oc2SwiftTests.debug.xcconfig"; sourceTree = "<group>"; };
		D99E41C315D11FE443436B5F /* libPods-Oc2Swift.a */ = {isa = PBXFileReference; explicitFileType = archive.ar; includeInIndex = 0; path = "libPods-Oc2Swift.a"; sourceTree = BUILT_PRODUCTS_DIR; };
		DA159F49288689EF0041188C /* RtmCar.m */ = {isa = PBXFileReference; lastKnownFileType = sourcecode.c.objc; path = RtmCar.m; sourceTree = "<group>"; };
		DA159F4B2886AA070041188C /* RtmCarType.m */ = {isa = PBXFileReference; lastKnownFileType = sourcecode.c.objc; path = RtmCarType.m; sourceTree = "<group>"; };
		DA159F4D2886AAEC0041188C /* RtmCarColor.m */ = {isa = PBXFileReference; lastKnownFileType = sourcecode.c.objc; path = RtmCarColor.m; sourceTree = "<group>"; };
		DA159F4F2886B61C0041188C /* TabVCs.swift */ = {isa = PBXFileReference; lastKnownFileType = sourcecode.swift; path = TabVCs.swift; sourceTree = "<group>"; };
		DA159F522886CF3A0041188C /* HomePage.swift */ = {isa = PBXFileReference; lastKnownFileType = sourcecode.swift; path = HomePage.swift; sourceTree = "<group>"; };
		DA159F542886CF430041188C /* Personal.swift */ = {isa = PBXFileReference; lastKnownFileType = sourcecode.swift; path = Personal.swift; sourceTree = "<group>"; };
		DA159F562886CF550041188C /* Contacts.swift */ = {isa = PBXFileReference; lastKnownFileType = sourcecode.swift; path = Contacts.swift; sourceTree = "<group>"; };
		DA159F582886D3DB0041188C /* TabArrView.swift */ = {isa = PBXFileReference; lastKnownFileType = sourcecode.swift; path = TabArrView.swift; sourceTree = "<group>"; };
		DA159F5A2887D7080041188C /* TabScrollView.swift */ = {isa = PBXFileReference; lastKnownFileType = sourcecode.swift; path = TabScrollView.swift; sourceTree = "<group>"; };
		DA159F5D288AA75B0041188C /* MyPageControllerVC.swift */ = {isa = PBXFileReference; lastKnownFileType = sourcecode.swift; path = MyPageControllerVC.swift; sourceTree = "<group>"; };
		F5A4B8A05BCA2F4C56C0C391 /* Pods-Oc2Swift.debug.xcconfig */ = {isa = PBXFileReference; includeInIndex = 1; lastKnownFileType = text.xcconfig; name = "Pods-Oc2Swift.debug.xcconfig"; path = "Target Support Files/Pods-Oc2Swift/Pods-Oc2Swift.debug.xcconfig"; sourceTree = "<group>"; };
/* End PBXFileReference section */

/* Begin PBXFrameworksBuildPhase section */
		28B0386E2835081C007B3817 /* Frameworks */ = {
			isa = PBXFrameworksBuildPhase;
			buildActionMask = 2147483647;
			files = (
				B42F9969A5BA3CB766853FEF /* libPods-Oc2Swift.a in Frameworks */,
			);
			runOnlyForDeploymentPostprocessing = 0;
		};
		28B038842835081E007B3817 /* Frameworks */ = {
			isa = PBXFrameworksBuildPhase;
			buildActionMask = 2147483647;
			files = (
				E9FBABA6359E8D2EA01D5D32 /* libPods-Oc2SwiftTests.a in Frameworks */,
			);
			runOnlyForDeploymentPostprocessing = 0;
		};
		28B0388E2835081E007B3817 /* Frameworks */ = {
			isa = PBXFrameworksBuildPhase;
			buildActionMask = 2147483647;
			files = (
			);
			runOnlyForDeploymentPostprocessing = 0;
		};
/* End PBXFrameworksBuildPhase section */

/* Begin PBXGroup section */
		28090DBF288505E500B91331 /* base */ = {
			isa = PBXGroup;
			children = (
				28090DC0288505F000B91331 /* BaseVC.h */,
				28090DC1288505FA00B91331 /* BaseVC.m */,
				2827919A2A337FC4002C911B /* BaseMenuVC.swift */,
			);
			path = base;
			sourceTree = "<group>";
		};
		280A48DE289AEBDA005DE4AE /* net */ = {
			isa = PBXGroup;
			children = (
				280A48E2289AF3F2005DE4AE /* NSURLSessionVC.m */,
				280A48E1289AF3AF005DE4AE /* NSURLSessionVC.h */,
			);
			path = net;
			sourceTree = "<group>";
		};
		280EB5D528842E6E00D22AFB /* runtime */ = {
			isa = PBXGroup;
			children = (
				28090DBE288505D500B91331 /* RuntimeVC.h */,
				28090DC3288506B000B91331 /* RuntimeVC.m */,
				28090DD32885624500B91331 /* RtmCar.h */,
				DA159F49288689EF0041188C /* RtmCar.m */,
				28090DD42885630200B91331 /* RtmCarType.h */,
				DA159F4B2886AA070041188C /* RtmCarType.m */,
				DA159F4D2886AAEC0041188C /* RtmCarColor.m */,
				28090DD52885631B00B91331 /* RtmCarColor.h */,
				28090DCD288523B800B91331 /* RuntimeModel+Property.h */,
				28090DCE288523C400B91331 /* RuntimeModel+Property.m */,
				28090DCA288522A000B91331 /* RuntimeModel.h */,
				28090DCB288522AA00B91331 /* RuntimeModel.m */,
				28AE614D28A3DF9500AB6739 /* MiddleProxy.h */,
				28AE614E28A3DF9A00AB6739 /* MiddleProxy.m */,
				288147EE2B5CFD270043F547 /* RuntimeMenuVC.swift */,
			);
			path = runtime;
			sourceTree = "<group>";
		};
		281B884B288F8D21007DD0BE /* generic */ = {
			isa = PBXGroup;
			children = (
				281B884C288F8D4F007DD0BE /* MathFunctionVC.swift */,
				2862544528C7125D007E3163 /* HomeModule.h */,
				2862544628C71268007E3163 /* HomeModule.m */,
			);
			path = generic;
			sourceTree = "<group>";
		};
		281B884E28901C45007DD0BE /* animation */ = {
			isa = PBXGroup;
			children = (
				281B884F28901C7D007DD0BE /* AnimationVC.swift */,
			);
			path = animation;
			sourceTree = "<group>";
		};
		282791972A337F59002C911B /* draw */ = {
			isa = PBXGroup;
			children = (
				282791982A337F76002C911B /* CustomDrawMenuVC.swift */,
				2827919E2A338105002C911B /* CustomDrawUIViewVC.swift */,
				2827919C2A3380F0002C911B /* CustomDrawLayerVC.swift */,
			);
			path = draw;
			sourceTree = "<group>";
		};
		28317177287C0F9B00018486 /* invocation */ = {
			isa = PBXGroup;
			children = (
				2831717A287C17AC00018486 /* NSInvocationVC.h */,
				2831717B287C17B500018486 /* NSInvocationVC.m */,
			);
			path = invocation;
			sourceTree = "<group>";
		};
		2837322B2A0D1CE700345D11 /* popview */ = {
			isa = PBXGroup;
			children = (
				2837322C2A0D1D0000345D11 /* PopMenuView.swift */,
				2824985F2A0D1D8F00845C6F /* HalfScreenPopView.swift */,
			);
			path = popview;
			sourceTree = "<group>";
		};
		2839EBAB29CE92E500C518EA /* event */ = {
			isa = PBXGroup;
			children = (
				2839EBAC29CE92EF00C518EA /* TouchEventVC.swift */,
				2891154B29ECE3EA009C25FA /* EventMenuVC.swift */,
				2828FB072AF0DC1E004E74AF /* PanGestureError.h */,
				2828FB082AF0DC24004E74AF /* PanGestureError.m */,
				2809B08D29ECE608009F7FE5 /* ScrollTableViewVC.swift */,
			);
			path = event;
			sourceTree = "<group>";
		};
		2873784A2895035500977826 /* keyboard */ = {
			isa = PBXGroup;
			children = (
				2873784B2895087D00977826 /* KeyBoardVC.swift */,
			);
			path = keyboard;
			sourceTree = "<group>";
		};
		28A0A795283B891E00A6C2EF /* flutterPlugins */ = {
			isa = PBXGroup;
			children = (
				28A0A798283B9C6700A6C2EF /* CutomFlutterVC.swift */,
			);
			path = flutterPlugins;
			sourceTree = "<group>";
		};
		28A0A79A283BAC4100A6C2EF /* ffi */ = {
			isa = PBXGroup;
			children = (
				28A0A79B283BAC5A00A6C2EF /* native_add.cpp */,
				28A0A79C283BAC5A00A6C2EF /* native_add.hpp */,
			);
			path = ffi;
			sourceTree = "<group>";
		};
		28B038682835081C007B3817 = {
			isa = PBXGroup;
			children = (
				28B038732835081C007B3817 /* Oc2Swift */,
				28B0388A2835081E007B3817 /* Oc2SwiftTests */,
				28B038942835081E007B3817 /* Oc2SwiftUITests */,
				28B038722835081C007B3817 /* Products */,
				955BDA7B4C04B0CFD183A38E /* Frameworks */,
				81B1EFE93669824E3CB1DA71 /* Pods */,
			);
			sourceTree = "<group>";
		};
		28B038722835081C007B3817 /* Products */ = {
			isa = PBXGroup;
			children = (
				28B038712835081C007B3817 /* Oc2Swift.app */,
				28B038872835081E007B3817 /* Oc2SwiftTests.xctest */,
				28B038912835081E007B3817 /* Oc2SwiftUITests.xctest */,
			);
			name = Products;
			sourceTree = "<group>";
		};
		28B038732835081C007B3817 /* Oc2Swift */ = {
			isa = PBXGroup;
			children = (
				282791972A337F59002C911B /* draw */,
				2837322B2A0D1CE700345D11 /* popview */,
				2839EBAB29CE92E500C518EA /* event */,
				28B9C7E129CC255200347117 /* cell */,
				28B9C7DC29CC213D00347117 /* debugkit */,
				28CC038A28ADE8E7005497ED /* optimization */,
				28DEA62428ACE06F00B2299B /* kvo */,
				28DEA62028AC9C5E00B2299B /* instrument */,
				28CBCA1128A0F0250050AE67 /* block */,
				28F5898E289BF9BB00773AFC /* operation */,
				280A48DE289AEBDA005DE4AE /* net */,
				28D77C60289944FF0076B8A3 /* resources */,
				28D77C5D289941F80076B8A3 /* image */,
				2873784A2895035500977826 /* keyboard */,
				28FF63C72893120C00DEF69A /* utils */,
				281B884E28901C45007DD0BE /* animation */,
				281B884B288F8D21007DD0BE /* generic */,
				DA159F5C288AA7470041188C /* container */,
				28090DBF288505E500B91331 /* base */,
				280EB5D528842E6E00D22AFB /* runtime */,
				28317177287C0F9B00018486 /* invocation */,
				28FB4AFC2876D4B8008B7BF7 /* runloop */,
				28FB4AF728719440008B7BF7 /* layout */,
				28A0A79A283BAC4100A6C2EF /* ffi */,
				28A0A795283B891E00A6C2EF /* flutterPlugins */,
				28B038742835081C007B3817 /* AppDelegate.swift */,
				28B038762835081C007B3817 /* SceneDelegate.swift */,
				28D570272AD647B700335851 /* README.md */,
				28B038782835081C007B3817 /* ViewController.swift */,
				2827C2D32835F46500330685 /* C2OcTestVC.h */,
				2827C2D52835F47000330685 /* C2OcTestVC.m */,
				28B0387A2835081C007B3817 /* Main.storyboard */,
				28B0387D2835081E007B3817 /* Assets.xcassets */,
				28B0387F2835081E007B3817 /* LaunchScreen.storyboard */,
				28B038822835081E007B3817 /* Info.plist */,
				28B038A428350888007B3817 /* CustomNavVC.swift */,
				2827C2D42835F47000330685 /* Oc2Swift-Bridging-Header.h */,
			);
			path = Oc2Swift;
			sourceTree = "<group>";
		};
		28B0388A2835081E007B3817 /* Oc2SwiftTests */ = {
			isa = PBXGroup;
			children = (
				28090DC828850F3300B91331 /* testRuntimeModel.m */,
				28B0388B2835081E007B3817 /* Oc2SwiftTests.swift */,
				28090DC628850EF600B91331 /* Oc2SwiftTestsOC.m */,
				28090DC528850EF600B91331 /* Oc2SwiftTests-Bridging-Header.h */,
			);
			path = Oc2SwiftTests;
			sourceTree = "<group>";
		};
		28B038942835081E007B3817 /* Oc2SwiftUITests */ = {
			isa = PBXGroup;
			children = (
				28B038952835081E007B3817 /* Oc2SwiftUITests.swift */,
				28B038972835081E007B3817 /* Oc2SwiftUITestsLaunchTests.swift */,
			);
			path = Oc2SwiftUITests;
			sourceTree = "<group>";
		};
		28B9C7DC29CC213D00347117 /* debugkit */ = {
			isa = PBXGroup;
			children = (
				28B9C7DD29CC214A00347117 /* DebugMenu.swift */,
				28B9C7E229CC3A1200347117 /* DebugIcon.swift */,
				282C7E4929DAF6E200BC91C0 /* FocusIcon.swift */,
				28B6358429E8DDCA00C5F1F7 /* UIViewCheckMenu.swift */,
				28B6358629E8EDEB00C5F1F7 /* UIView+Check.h */,
				28B6358729E8EE4700C5F1F7 /* UIView+Check.m */,
			);
			path = debugkit;
			sourceTree = "<group>";
		};
		28B9C7E129CC255200347117 /* cell */ = {
			isa = PBXGroup;
			children = (
				28B9C7DF29CC21E200347117 /* SwitchCell.swift */,
				28B9C7E429CC409D00347117 /* BaseCell.swift */,
			);
			path = cell;
			sourceTree = "<group>";
		};
		28CBCA1128A0F0250050AE67 /* block */ = {
			isa = PBXGroup;
			children = (
				28CBCA1228A0F03D0050AE67 /* BlockVC.h */,
				28CBCA1328A0F06A0050AE67 /* BlockVC.m */,
				28CBCA1528A0F0A10050AE67 /* BlkObject.h */,
				28CBCA1628A0F0BE0050AE67 /* BlkObject.m */,
			);
			path = block;
			sourceTree = "<group>";
		};
		28CC038A28ADE8E7005497ED /* optimization */ = {
			isa = PBXGroup;
			children = (
				28CC038B28ADE8F8005497ED /* UIOptimizationVC.swift */,
				28CC038D28ADEAB5005497ED /* TableViewOptimizationVC.swift */,
			);
			path = optimization;
			sourceTree = "<group>";
		};
		28D77C5D289941F80076B8A3 /* image */ = {
			isa = PBXGroup;
			children = (
				28D77C5E2899420C0076B8A3 /* ImageVC.swift */,
			);
			path = image;
			sourceTree = "<group>";
		};
		28D77C60289944FF0076B8A3 /* resources */ = {
			isa = PBXGroup;
			children = (
				28D77C612899453D0076B8A3 /* cat.webp */,
				282C7E4B29DEADE900BC91C0 /* close.png */,
			);
			path = resources;
			sourceTree = "<group>";
		};
		28DEA62028AC9C5E00B2299B /* instrument */ = {
			isa = PBXGroup;
			children = (
				28DEA62128AC9C7300B2299B /* LeaksVC.h */,
				28DEA62228AC9C9800B2299B /* LeaksVC.m */,
			);
			path = instrument;
			sourceTree = "<group>";
		};
		28DEA62428ACE06F00B2299B /* kvo */ = {
			isa = PBXGroup;
			children = (
				28DEA62528ACE07B00B2299B /* KVOVC.h */,
				28DEA62628ACE08800B2299B /* KVOVC.m */,
			);
			path = kvo;
			sourceTree = "<group>";
		};
		28F5898E289BF9BB00773AFC /* operation */ = {
			isa = PBXGroup;
			children = (
				28F5898F289BF9D200773AFC /* OperationVC.h */,
				28F58990289BF9D900773AFC /* OperationVC.m */,
			);
			path = operation;
			sourceTree = "<group>";
		};
		28FB4AF728719440008B7BF7 /* layout */ = {
			isa = PBXGroup;
			children = (
				28FB4AF52871940A008B7BF7 /* LayoutTestVC.swift */,
				28FB4AF82871D915008B7BF7 /* LayoutOrderTestVC.swift */,
				28FB4AFA2873DE34008B7BF7 /* AutoTableHeaderVC.swift */,
				28F2C5EA288130EC00A23E84 /* FrameBoundVC.swift */,
				2803BD2729D3E4F900BCE031 /* LayoutMenuVC.swift */,
				2860B9512AA1C5E3003787E6 /* ErrorMasonryVC.h */,
				2860B9522AA1C5E8003787E6 /* ErrorMasonryVC.m */,
				280F73452AB0B6B80023EB96 /* AutoLayoutTestVC.h */,
				280F73462AB0B6C00023EB96 /* AutoLayoutTestVC.m */,
				2881D0C72A540B29006420B1 /* ReviewInWindowVC.h */,
				2881D0C82A540B2F006420B1 /* ReviewInWindowVC.m */,
				285E7C6329F8FA510048AAF0 /* ReviewInWindowVC.swift */,
				282C7E4D29DFB05400BC91C0 /* CordinateVC.swift */,
				289F03CA2924BD1400D183E3 /* FlexVC.swift */,
			);
			path = layout;
			sourceTree = "<group>";
		};
		28FB4AFC2876D4B8008B7BF7 /* runloop */ = {
			isa = PBXGroup;
			children = (
				28FB4AFD2876D4CE008B7BF7 /* RunLoopVC.swift */,
				28D601852A592F37002D2C6C /* RunLoopMenuVC.swift */,
				28D601872A593315002D2C6C /* DynamicUIViewCheckVC.h */,
				28D601882A59331A002D2C6C /* DynamicUIViewCheckVC.m */,
			);
			path = runloop;
			sourceTree = "<group>";
		};
		28FF63C72893120C00DEF69A /* utils */ = {
			isa = PBXGroup;
			children = (
				28FF63C82893121A00DEF69A /* Device.swift */,
				28CC038F28AE08B3005497ED /* FastCellList.swift */,
				2815963928B3848E0015D720 /* RouterManager.swift */,
				28D6018A2A6665C9002D2C6C /* ImageUtil.swift */,
			);
			path = utils;
			sourceTree = "<group>";
		};
		81B1EFE93669824E3CB1DA71 /* Pods */ = {
			isa = PBXGroup;
			children = (
				F5A4B8A05BCA2F4C56C0C391 /* Pods-Oc2Swift.debug.xcconfig */,
				9957360565F97A6A1508AC4C /* Pods-Oc2Swift.release.xcconfig */,
				A91FED6C94B45FE335D69F69 /* Pods-Oc2SwiftTests.debug.xcconfig */,
				384AF5065E8F7541B248BDB0 /* Pods-Oc2SwiftTests.release.xcconfig */,
			);
			path = Pods;
			sourceTree = "<group>";
		};
		955BDA7B4C04B0CFD183A38E /* Frameworks */ = {
			isa = PBXGroup;
			children = (
				28A0A78F283B844F00A6C2EF /* learnflutter.xcframework */,
				28A0A78B283B844D00A6C2EF /* App.xcframework */,
				28A0A792283B84E900A6C2EF /* Flutter.xcframework */,
				D99E41C315D11FE443436B5F /* libPods-Oc2Swift.a */,
				52BD9016209CDFE9DFB014B6 /* libPods-Oc2SwiftTests.a */,
			);
			name = Frameworks;
			sourceTree = "<group>";
		};
		DA159F512886CF0F0041188C /* tabVC */ = {
			isa = PBXGroup;
			children = (
				DA159F5A2887D7080041188C /* TabScrollView.swift */,
				DA159F4F2886B61C0041188C /* TabVCs.swift */,
				DA159F582886D3DB0041188C /* TabArrView.swift */,
				DA159F522886CF3A0041188C /* HomePage.swift */,
				DA159F542886CF430041188C /* Personal.swift */,
				DA159F562886CF550041188C /* Contacts.swift */,
			);
			path = tabVC;
			sourceTree = "<group>";
		};
		DA159F5C288AA7470041188C /* container */ = {
			isa = PBXGroup;
			children = (
				DA159F512886CF0F0041188C /* tabVC */,
				28F2C5ED2881443900A23E84 /* RelativeScrollVC.swift */,
				DA159F5D288AA75B0041188C /* MyPageControllerVC.swift */,
				28DB903A28904F5A00F2F141 /* NavigationVC.swift */,
				2803BD2A29D3E64800BCE031 /* ContainerMenuVC.swift */,
			);
			path = container;
			sourceTree = "<group>";
		};
/* End PBXGroup section */

/* Begin PBXNativeTarget section */
		28B038702835081C007B3817 /* Oc2Swift */ = {
			isa = PBXNativeTarget;
			buildConfigurationList = 28B0389B2835081E007B3817 /* Build configuration list for PBXNativeTarget "Oc2Swift" */;
			buildPhases = (
				0560980AE33283CD0FB6D8DF /* [CP] Check Pods Manifest.lock */,
				B2A8A0738BFBC28A6AD86645 /* [CP-User] Run Flutter Build learnflutter Script */,
				28B0386D2835081C007B3817 /* Sources */,
				28B0386E2835081C007B3817 /* Frameworks */,
				28B0386F2835081C007B3817 /* Resources */,
				4A8E638E6C8D7BAA278A43BD /* [CP] Embed Pods Frameworks */,
				EF346C79EE8B0649AE9D0BBD /* [CP] Copy Pods Resources */,
			);
			buildRules = (
			);
			dependencies = (
			);
			name = Oc2Swift;
			productName = Oc2Swift;
			productReference = 28B038712835081C007B3817 /* Oc2Swift.app */;
			productType = "com.apple.product-type.application";
		};
		28B038862835081E007B3817 /* Oc2SwiftTests */ = {
			isa = PBXNativeTarget;
			buildConfigurationList = 28B0389E2835081E007B3817 /* Build configuration list for PBXNativeTarget "Oc2SwiftTests" */;
			buildPhases = (
				D975387FC90D89FA5EB4D278 /* [CP] Check Pods Manifest.lock */,
				8D5533D438091F3B86C58C35 /* [CP-User] Run Flutter Build learnflutter Script */,
				28B038832835081E007B3817 /* Sources */,
				28B038842835081E007B3817 /* Frameworks */,
				28B038852835081E007B3817 /* Resources */,
				95BBDBBA9EF8A74F290C92E2 /* [CP] Embed Pods Frameworks */,
				FE670AC33A7DACB19DA76A27 /* [CP] Copy Pods Resources */,
			);
			buildRules = (
			);
			dependencies = (
				28B038892835081E007B3817 /* PBXTargetDependency */,
			);
			name = Oc2SwiftTests;
			productName = Oc2SwiftTests;
			productReference = 28B038872835081E007B3817 /* Oc2SwiftTests.xctest */;
			productType = "com.apple.product-type.bundle.unit-test";
		};
		28B038902835081E007B3817 /* Oc2SwiftUITests */ = {
			isa = PBXNativeTarget;
			buildConfigurationList = 28B038A12835081E007B3817 /* Build configuration list for PBXNativeTarget "Oc2SwiftUITests" */;
			buildPhases = (
				28B0388D2835081E007B3817 /* Sources */,
				28B0388E2835081E007B3817 /* Frameworks */,
				28B0388F2835081E007B3817 /* Resources */,
			);
			buildRules = (
			);
			dependencies = (
				28B038932835081E007B3817 /* PBXTargetDependency */,
			);
			name = Oc2SwiftUITests;
			productName = Oc2SwiftUITests;
			productReference = 28B038912835081E007B3817 /* Oc2SwiftUITests.xctest */;
			productType = "com.apple.product-type.bundle.ui-testing";
		};
/* End PBXNativeTarget section */

/* Begin PBXProject section */
		28B038692835081C007B3817 /* Project object */ = {
			isa = PBXProject;
			attributes = {
				BuildIndependentTargetsInParallel = NO;
				LastSwiftUpdateCheck = 1330;
				LastUpgradeCheck = 1330;
				TargetAttributes = {
					28B038702835081C007B3817 = {
						CreatedOnToolsVersion = 13.3;
						LastSwiftMigration = 1330;
					};
					28B038862835081E007B3817 = {
						CreatedOnToolsVersion = 13.3;
						LastSwiftMigration = 1330;
						TestTargetID = 28B038702835081C007B3817;
					};
					28B038902835081E007B3817 = {
						CreatedOnToolsVersion = 13.3;
						TestTargetID = 28B038702835081C007B3817;
					};
				};
			};
			buildConfigurationList = 28B0386C2835081C007B3817 /* Build configuration list for PBXProject "Oc2Swift" */;
			compatibilityVersion = "Xcode 13.0";
			developmentRegion = en;
			hasScannedForEncodings = 0;
			knownRegions = (
				en,
				Base,
			);
			mainGroup = 28B038682835081C007B3817;
			productRefGroup = 28B038722835081C007B3817 /* Products */;
			projectDirPath = "";
			projectRoot = "";
			targets = (
				28B038702835081C007B3817 /* Oc2Swift */,
				28B038862835081E007B3817 /* Oc2SwiftTests */,
				28B038902835081E007B3817 /* Oc2SwiftUITests */,
			);
		};
/* End PBXProject section */

/* Begin PBXResourcesBuildPhase section */
		28B0386F2835081C007B3817 /* Resources */ = {
			isa = PBXResourcesBuildPhase;
			buildActionMask = 2147483647;
			files = (
				28D77C622899453D0076B8A3 /* cat.webp in Resources */,
				28B038812835081E007B3817 /* LaunchScreen.storyboard in Resources */,
				28B0387E2835081E007B3817 /* Assets.xcassets in Resources */,
				282C7E4C29DEADE900BC91C0 /* close.png in Resources */,
				28B0387C2835081C007B3817 /* Main.storyboard in Resources */,
			);
			runOnlyForDeploymentPostprocessing = 0;
		};
		28B038852835081E007B3817 /* Resources */ = {
			isa = PBXResourcesBuildPhase;
			buildActionMask = 2147483647;
			files = (
			);
			runOnlyForDeploymentPostprocessing = 0;
		};
		28B0388F2835081E007B3817 /* Resources */ = {
			isa = PBXResourcesBuildPhase;
			buildActionMask = 2147483647;
			files = (
			);
			runOnlyForDeploymentPostprocessing = 0;
		};
/* End PBXResourcesBuildPhase section */

/* Begin PBXShellScriptBuildPhase section */
		0560980AE33283CD0FB6D8DF /* [CP] Check Pods Manifest.lock */ = {
			isa = PBXShellScriptBuildPhase;
			buildActionMask = 2147483647;
			files = (
			);
			inputFileListPaths = (
			);
			inputPaths = (
				"${PODS_PODFILE_DIR_PATH}/Podfile.lock",
				"${PODS_ROOT}/Manifest.lock",
			);
			name = "[CP] Check Pods Manifest.lock";
			outputFileListPaths = (
			);
			outputPaths = (
				"$(DERIVED_FILE_DIR)/Pods-Oc2Swift-checkManifestLockResult.txt",
			);
			runOnlyForDeploymentPostprocessing = 0;
			shellPath = /bin/sh;
			shellScript = "diff \"${PODS_PODFILE_DIR_PATH}/Podfile.lock\" \"${PODS_ROOT}/Manifest.lock\" > /dev/null\nif [ $? != 0 ] ; then\n    # print error to STDERR\n    echo \"error: The sandbox is not in sync with the Podfile.lock. Run 'pod install' or update your CocoaPods installation.\" >&2\n    exit 1\nfi\n# This output is used by Xcode 'outputs' to avoid re-running this script phase.\necho \"SUCCESS\" > \"${SCRIPT_OUTPUT_FILE_0}\"\n";
			showEnvVarsInLog = 0;
		};
		4A8E638E6C8D7BAA278A43BD /* [CP] Embed Pods Frameworks */ = {
			isa = PBXShellScriptBuildPhase;
			buildActionMask = 2147483647;
			files = (
			);
			inputFileListPaths = (
				"${PODS_ROOT}/Target Support Files/Pods-Oc2Swift/Pods-Oc2Swift-frameworks-${CONFIGURATION}-input-files.xcfilelist",
			);
			name = "[CP] Embed Pods Frameworks";
			outputFileListPaths = (
				"${PODS_ROOT}/Target Support Files/Pods-Oc2Swift/Pods-Oc2Swift-frameworks-${CONFIGURATION}-output-files.xcfilelist",
			);
			runOnlyForDeploymentPostprocessing = 0;
			shellPath = /bin/sh;
			shellScript = "\"${PODS_ROOT}/Target Support Files/Pods-Oc2Swift/Pods-Oc2Swift-frameworks.sh\"\n";
			showEnvVarsInLog = 0;
		};
		8D5533D438091F3B86C58C35 /* [CP-User] Run Flutter Build learnflutter Script */ = {
			isa = PBXShellScriptBuildPhase;
			buildActionMask = 2147483647;
			files = (
			);
			name = "[CP-User] Run Flutter Build learnflutter Script";
			runOnlyForDeploymentPostprocessing = 0;
			shellPath = /bin/sh;
			shellScript = "set -e\nset -u\nsource \"${SRCROOT}/../learnflutter/.ios/Flutter/flutter_export_environment.sh\"\nexport VERBOSE_SCRIPT_LOGGING=1 && \"$FLUTTER_ROOT\"/packages/flutter_tools/bin/xcode_backend.sh build";
		};
		95BBDBBA9EF8A74F290C92E2 /* [CP] Embed Pods Frameworks */ = {
			isa = PBXShellScriptBuildPhase;
			buildActionMask = 2147483647;
			files = (
			);
			inputFileListPaths = (
				"${PODS_ROOT}/Target Support Files/Pods-Oc2SwiftTests/Pods-Oc2SwiftTests-frameworks-${CONFIGURATION}-input-files.xcfilelist",
			);
			name = "[CP] Embed Pods Frameworks";
			outputFileListPaths = (
				"${PODS_ROOT}/Target Support Files/Pods-Oc2SwiftTests/Pods-Oc2SwiftTests-frameworks-${CONFIGURATION}-output-files.xcfilelist",
			);
			runOnlyForDeploymentPostprocessing = 0;
			shellPath = /bin/sh;
			shellScript = "\"${PODS_ROOT}/Target Support Files/Pods-Oc2SwiftTests/Pods-Oc2SwiftTests-frameworks.sh\"\n";
			showEnvVarsInLog = 0;
		};
		B2A8A0738BFBC28A6AD86645 /* [CP-User] Run Flutter Build learnflutter Script */ = {
			isa = PBXShellScriptBuildPhase;
			buildActionMask = 2147483647;
			files = (
			);
			name = "[CP-User] Run Flutter Build learnflutter Script";
			runOnlyForDeploymentPostprocessing = 0;
			shellPath = /bin/sh;
			shellScript = "set -e\nset -u\nsource \"${SRCROOT}/../learnflutter/.ios/Flutter/flutter_export_environment.sh\"\nexport VERBOSE_SCRIPT_LOGGING=1 && \"$FLUTTER_ROOT\"/packages/flutter_tools/bin/xcode_backend.sh build";
		};
		D975387FC90D89FA5EB4D278 /* [CP] Check Pods Manifest.lock */ = {
			isa = PBXShellScriptBuildPhase;
			buildActionMask = 2147483647;
			files = (
			);
			inputFileListPaths = (
			);
			inputPaths = (
				"${PODS_PODFILE_DIR_PATH}/Podfile.lock",
				"${PODS_ROOT}/Manifest.lock",
			);
			name = "[CP] Check Pods Manifest.lock";
			outputFileListPaths = (
			);
			outputPaths = (
				"$(DERIVED_FILE_DIR)/Pods-Oc2SwiftTests-checkManifestLockResult.txt",
			);
			runOnlyForDeploymentPostprocessing = 0;
			shellPath = /bin/sh;
			shellScript = "diff \"${PODS_PODFILE_DIR_PATH}/Podfile.lock\" \"${PODS_ROOT}/Manifest.lock\" > /dev/null\nif [ $? != 0 ] ; then\n    # print error to STDERR\n    echo \"error: The sandbox is not in sync with the Podfile.lock. Run 'pod install' or update your CocoaPods installation.\" >&2\n    exit 1\nfi\n# This output is used by Xcode 'outputs' to avoid re-running this script phase.\necho \"SUCCESS\" > \"${SCRIPT_OUTPUT_FILE_0}\"\n";
			showEnvVarsInLog = 0;
		};
		EF346C79EE8B0649AE9D0BBD /* [CP] Copy Pods Resources */ = {
			isa = PBXShellScriptBuildPhase;
			buildActionMask = 2147483647;
			files = (
			);
			inputFileListPaths = (
				"${PODS_ROOT}/Target Support Files/Pods-Oc2Swift/Pods-Oc2Swift-resources-${CONFIGURATION}-input-files.xcfilelist",
			);
			name = "[CP] Copy Pods Resources";
			outputFileListPaths = (
				"${PODS_ROOT}/Target Support Files/Pods-Oc2Swift/Pods-Oc2Swift-resources-${CONFIGURATION}-output-files.xcfilelist",
			);
			runOnlyForDeploymentPostprocessing = 0;
			shellPath = /bin/sh;
			shellScript = "\"${PODS_ROOT}/Target Support Files/Pods-Oc2Swift/Pods-Oc2Swift-resources.sh\"\n";
			showEnvVarsInLog = 0;
		};
		FE670AC33A7DACB19DA76A27 /* [CP] Copy Pods Resources */ = {
			isa = PBXShellScriptBuildPhase;
			buildActionMask = 2147483647;
			files = (
			);
			inputFileListPaths = (
				"${PODS_ROOT}/Target Support Files/Pods-Oc2SwiftTests/Pods-Oc2SwiftTests-resources-${CONFIGURATION}-input-files.xcfilelist",
			);
			name = "[CP] Copy Pods Resources";
			outputFileListPaths = (
				"${PODS_ROOT}/Target Support Files/Pods-Oc2SwiftTests/Pods-Oc2SwiftTests-resources-${CONFIGURATION}-output-files.xcfilelist",
			);
			runOnlyForDeploymentPostprocessing = 0;
			shellPath = /bin/sh;
			shellScript = "\"${PODS_ROOT}/Target Support Files/Pods-Oc2SwiftTests/Pods-Oc2SwiftTests-resources.sh\"\n";
			showEnvVarsInLog = 0;
		};
/* End PBXShellScriptBuildPhase section */

/* Begin PBXSourcesBuildPhase section */
		28B0386D2835081C007B3817 /* Sources */ = {
			isa = PBXSourcesBuildPhase;
			buildActionMask = 2147483647;
			files = (
				28B038792835081C007B3817 /* ViewController.swift in Sources */,
				2827919D2A3380F0002C911B /* CustomDrawLayerVC.swift in Sources */,
				DA159F592886D3DB0041188C /* TabArrView.swift in Sources */,
				285E7C6429F8FA510048AAF0 /* ReviewInWindowVC.swift in Sources */,
				2827919F2A338105002C911B /* CustomDrawUIViewVC.swift in Sources */,
				28CC039028AE08B3005497ED /* FastCellList.swift in Sources */,
				28CBCA1728A0F0BE0050AE67 /* BlkObject.m in Sources */,
				2862544728C71268007E3163 /* HomeModule.m in Sources */,
				2809B08E29ECE608009F7FE5 /* ScrollTableViewVC.swift in Sources */,
				28CC038E28ADEAB5005497ED /* TableViewOptimizationVC.swift in Sources */,
				28CBCA1428A0F06A0050AE67 /* BlockVC.m in Sources */,
				28D77C5F2899420C0076B8A3 /* ImageVC.swift in Sources */,
				2873784C2895087D00977826 /* KeyBoardVC.swift in Sources */,
				2860B9532AA1C5E8003787E6 /* ErrorMasonryVC.m in Sources */,
				28B6358529E8DDCA00C5F1F7 /* UIViewCheckMenu.swift in Sources */,
				28B038A528350888007B3817 /* CustomNavVC.swift in Sources */,
				28B9C7E029CC21E200347117 /* SwitchCell.swift in Sources */,
				28B038752835081C007B3817 /* AppDelegate.swift in Sources */,
				282791992A337F76002C911B /* CustomDrawMenuVC.swift in Sources */,
				280A48E3289AF3F2005DE4AE /* NSURLSessionVC.m in Sources */,
				28090DCC288522AA00B91331 /* RuntimeModel.m in Sources */,
				2827919B2A337FC4002C911B /* BaseMenuVC.swift in Sources */,
				2831717C287C17B500018486 /* NSInvocationVC.m in Sources */,
				DA159F502886B61C0041188C /* TabVCs.swift in Sources */,
				DA159F532886CF3A0041188C /* HomePage.swift in Sources */,
				2828FB092AF0DC24004E74AF /* PanGestureError.m in Sources */,
				DA159F572886CF550041188C /* Contacts.swift in Sources */,
				DA159F552886CF430041188C /* Personal.swift in Sources */,
				28FF63C92893121A00DEF69A /* Device.swift in Sources */,
				DA159F5B2887D7080041188C /* TabScrollView.swift in Sources */,
				28090DC4288506B000B91331 /* RuntimeVC.m in Sources */,
				28DB903B28904F5A00F2F141 /* NavigationVC.swift in Sources */,
				2803BD2B29D3E64800BCE031 /* ContainerMenuVC.swift in Sources */,
				282498602A0D1D8F00845C6F /* HalfScreenPopView.swift in Sources */,
				DA159F5E288AA75B0041188C /* MyPageControllerVC.swift in Sources */,
				2837322D2A0D1D0000345D11 /* PopMenuView.swift in Sources */,
				282C7E4A29DAF6E200BC91C0 /* FocusIcon.swift in Sources */,
				28F2C5EB288130EC00A23E84 /* FrameBoundVC.swift in Sources */,
				28F58991289BF9D900773AFC /* OperationVC.m in Sources */,
				28B038772835081C007B3817 /* SceneDelegate.swift in Sources */,
				281B885028901C7D007DD0BE /* AnimationVC.swift in Sources */,
				28B9C7E529CC409D00347117 /* BaseCell.swift in Sources */,
				28090DC2288505FA00B91331 /* BaseVC.m in Sources */,
				28A0A799283B9C6700A6C2EF /* CutomFlutterVC.swift in Sources */,
				28D601862A592F37002D2C6C /* RunLoopMenuVC.swift in Sources */,
				28FB4AFE2876D4CE008B7BF7 /* RunLoopVC.swift in Sources */,
				280F73472AB0B6C00023EB96 /* AutoLayoutTestVC.m in Sources */,
				288147EF2B5CFD270043F547 /* RuntimeMenuVC.swift in Sources */,
				281B884D288F8D4F007DD0BE /* MathFunctionVC.swift in Sources */,
				2891154C29ECE3EA009C25FA /* EventMenuVC.swift in Sources */,
				28DEA62328AC9C9800B2299B /* LeaksVC.m in Sources */,
				2803BD2829D3E4F900BCE031 /* LayoutMenuVC.swift in Sources */,
				2881D0C92A540B2F006420B1 /* ReviewInWindowVC.m in Sources */,
				28FB4AF62871940A008B7BF7 /* LayoutTestVC.swift in Sources */,
				282C7E4E29DFB05400BC91C0 /* CordinateVC.swift in Sources */,
				28D6018B2A6665C9002D2C6C /* ImageUtil.swift in Sources */,
				2827C2D62835F47000330685 /* C2OcTestVC.m in Sources */,
				28D601892A59331A002D2C6C /* DynamicUIViewCheckVC.m in Sources */,
				28AE614F28A3DF9A00AB6739 /* MiddleProxy.m in Sources */,
				28DEA62728ACE08800B2299B /* KVOVC.m in Sources */,
				2815963A28B3848E0015D720 /* RouterManager.swift in Sources */,
				28B9C7DE29CC214A00347117 /* DebugMenu.swift in Sources */,
				DA159F4E2886AAEC0041188C /* RtmCarColor.m in Sources */,
				DA159F4C2886AA070041188C /* RtmCarType.m in Sources */,
				DA159F4A288689EF0041188C /* RtmCar.m in Sources */,
				28B9C7E329CC3A1200347117 /* DebugIcon.swift in Sources */,
				28CC038C28ADE8F8005497ED /* UIOptimizationVC.swift in Sources */,
				28090DCF288523C400B91331 /* RuntimeModel+Property.m in Sources */,
				28FB4AFB2873DE34008B7BF7 /* AutoTableHeaderVC.swift in Sources */,
				28A0A79D283BAC5A00A6C2EF /* native_add.cpp in Sources */,
				28B6358829E8EE4700C5F1F7 /* UIView+Check.m in Sources */,
				28F2C5EE2881443900A23E84 /* RelativeScrollVC.swift in Sources */,
				2839EBAD29CE92EF00C518EA /* TouchEventVC.swift in Sources */,
				28FB4AF92871D915008B7BF7 /* LayoutOrderTestVC.swift in Sources */,
				289F03CB2924BD1400D183E3 /* FlexVC.swift in Sources */,
			);
			runOnlyForDeploymentPostprocessing = 0;
		};
		28B038832835081E007B3817 /* Sources */ = {
			isa = PBXSourcesBuildPhase;
			buildActionMask = 2147483647;
			files = (
				28090DC728850EF600B91331 /* Oc2SwiftTestsOC.m in Sources */,
				28B0388C2835081E007B3817 /* Oc2SwiftTests.swift in Sources */,
				2862544828C71268007E3163 /* HomeModule.m in Sources */,
				28090DC928850F3300B91331 /* testRuntimeModel.m in Sources */,
			);
			runOnlyForDeploymentPostprocessing = 0;
		};
		28B0388D2835081E007B3817 /* Sources */ = {
			isa = PBXSourcesBuildPhase;
			buildActionMask = 2147483647;
			files = (
				28B038982835081E007B3817 /* Oc2SwiftUITestsLaunchTests.swift in Sources */,
				28B038962835081E007B3817 /* Oc2SwiftUITests.swift in Sources */,
			);
			runOnlyForDeploymentPostprocessing = 0;
		};
/* End PBXSourcesBuildPhase section */

/* Begin PBXTargetDependency section */
		28B038892835081E007B3817 /* PBXTargetDependency */ = {
			isa = PBXTargetDependency;
			target = 28B038702835081C007B3817 /* Oc2Swift */;
			targetProxy = 28B038882835081E007B3817 /* PBXContainerItemProxy */;
		};
		28B038932835081E007B3817 /* PBXTargetDependency */ = {
			isa = PBXTargetDependency;
			target = 28B038702835081C007B3817 /* Oc2Swift */;
			targetProxy = 28B038922835081E007B3817 /* PBXContainerItemProxy */;
		};
/* End PBXTargetDependency section */

/* Begin PBXVariantGroup section */
		28B0387A2835081C007B3817 /* Main.storyboard */ = {
			isa = PBXVariantGroup;
			children = (
				28B0387B2835081C007B3817 /* Base */,
			);
			name = Main.storyboard;
			sourceTree = "<group>";
		};
		28B0387F2835081E007B3817 /* LaunchScreen.storyboard */ = {
			isa = PBXVariantGroup;
			children = (
				28B038802835081E007B3817 /* Base */,
			);
			name = LaunchScreen.storyboard;
			sourceTree = "<group>";
		};
/* End PBXVariantGroup section */

/* Begin XCBuildConfiguration section */
		28B038992835081E007B3817 /* Debug */ = {
			isa = XCBuildConfiguration;
			buildSettings = {
				ALWAYS_SEARCH_USER_PATHS = NO;
				CLANG_ANALYZER_NONNULL = YES;
				CLANG_ANALYZER_NUMBER_OBJECT_CONVERSION = YES_AGGRESSIVE;
				CLANG_CXX_LANGUAGE_STANDARD = "gnu++17";
				CLANG_ENABLE_MODULES = YES;
				CLANG_ENABLE_OBJC_ARC = YES;
				CLANG_ENABLE_OBJC_WEAK = YES;
				CLANG_WARN_BLOCK_CAPTURE_AUTORELEASING = YES;
				CLANG_WARN_BOOL_CONVERSION = YES;
				CLANG_WARN_COMMA = YES;
				CLANG_WARN_CONSTANT_CONVERSION = YES;
				CLANG_WARN_DEPRECATED_OBJC_IMPLEMENTATIONS = YES;
				CLANG_WARN_DIRECT_OBJC_ISA_USAGE = YES_ERROR;
				CLANG_WARN_DOCUMENTATION_COMMENTS = YES;
				CLANG_WARN_EMPTY_BODY = YES;
				CLANG_WARN_ENUM_CONVERSION = YES;
				CLANG_WARN_INFINITE_RECURSION = YES;
				CLANG_WARN_INT_CONVERSION = YES;
				CLANG_WARN_NON_LITERAL_NULL_CONVERSION = YES;
				CLANG_WARN_OBJC_IMPLICIT_RETAIN_SELF = YES;
				CLANG_WARN_OBJC_LITERAL_CONVERSION = YES;
				CLANG_WARN_OBJC_ROOT_CLASS = YES_ERROR;
				CLANG_WARN_QUOTED_INCLUDE_IN_FRAMEWORK_HEADER = YES;
				CLANG_WARN_RANGE_LOOP_ANALYSIS = YES;
				CLANG_WARN_STRICT_PROTOTYPES = YES;
				CLANG_WARN_SUSPICIOUS_MOVE = YES;
				CLANG_WARN_UNGUARDED_AVAILABILITY = YES_AGGRESSIVE;
				CLANG_WARN_UNREACHABLE_CODE = YES;
				CLANG_WARN__DUPLICATE_METHOD_MATCH = YES;
				COPY_PHASE_STRIP = NO;
				DEBUG_INFORMATION_FORMAT = dwarf;
				ENABLE_STRICT_OBJC_MSGSEND = YES;
				ENABLE_TESTABILITY = YES;
				EXCLUDED_ARCHS = arm64;
				GCC_C_LANGUAGE_STANDARD = gnu11;
				GCC_DYNAMIC_NO_PIC = NO;
				GCC_NO_COMMON_BLOCKS = YES;
				GCC_OPTIMIZATION_LEVEL = 0;
				GCC_PREPROCESSOR_DEFINITIONS = (
					"DEBUG=1",
					"$(inherited)",
				);
				GCC_WARN_64_TO_32_BIT_CONVERSION = YES;
				GCC_WARN_ABOUT_RETURN_TYPE = YES_ERROR;
				GCC_WARN_UNDECLARED_SELECTOR = YES;
				GCC_WARN_UNINITIALIZED_AUTOS = YES_AGGRESSIVE;
				GCC_WARN_UNUSED_FUNCTION = YES;
				GCC_WARN_UNUSED_VARIABLE = YES;
				IPHONEOS_DEPLOYMENT_TARGET = 12.4;
				MTL_ENABLE_DEBUG_INFO = INCLUDE_SOURCE;
				MTL_FAST_MATH = YES;
				ONLY_ACTIVE_ARCH = YES;
				SDKROOT = iphoneos;
				SWIFT_ACTIVE_COMPILATION_CONDITIONS = DEBUG;
				SWIFT_OPTIMIZATION_LEVEL = "-Onone";
			};
			name = Debug;
		};
		28B0389A2835081E007B3817 /* Release */ = {
			isa = XCBuildConfiguration;
			buildSettings = {
				ALWAYS_SEARCH_USER_PATHS = NO;
				CLANG_ANALYZER_NONNULL = YES;
				CLANG_ANALYZER_NUMBER_OBJECT_CONVERSION = YES_AGGRESSIVE;
				CLANG_CXX_LANGUAGE_STANDARD = "gnu++17";
				CLANG_ENABLE_MODULES = YES;
				CLANG_ENABLE_OBJC_ARC = YES;
				CLANG_ENABLE_OBJC_WEAK = YES;
				CLANG_WARN_BLOCK_CAPTURE_AUTORELEASING = YES;
				CLANG_WARN_BOOL_CONVERSION = YES;
				CLANG_WARN_COMMA = YES;
				CLANG_WARN_CONSTANT_CONVERSION = YES;
				CLANG_WARN_DEPRECATED_OBJC_IMPLEMENTATIONS = YES;
				CLANG_WARN_DIRECT_OBJC_ISA_USAGE = YES_ERROR;
				CLANG_WARN_DOCUMENTATION_COMMENTS = YES;
				CLANG_WARN_EMPTY_BODY = YES;
				CLANG_WARN_ENUM_CONVERSION = YES;
				CLANG_WARN_INFINITE_RECURSION = YES;
				CLANG_WARN_INT_CONVERSION = YES;
				CLANG_WARN_NON_LITERAL_NULL_CONVERSION = YES;
				CLANG_WARN_OBJC_IMPLICIT_RETAIN_SELF = YES;
				CLANG_WARN_OBJC_LITERAL_CONVERSION = YES;
				CLANG_WARN_OBJC_ROOT_CLASS = YES_ERROR;
				CLANG_WARN_QUOTED_INCLUDE_IN_FRAMEWORK_HEADER = YES;
				CLANG_WARN_RANGE_LOOP_ANALYSIS = YES;
				CLANG_WARN_STRICT_PROTOTYPES = YES;
				CLANG_WARN_SUSPICIOUS_MOVE = YES;
				CLANG_WARN_UNGUARDED_AVAILABILITY = YES_AGGRESSIVE;
				CLANG_WARN_UNREACHABLE_CODE = YES;
				CLANG_WARN__DUPLICATE_METHOD_MATCH = YES;
				COPY_PHASE_STRIP = NO;
				DEBUG_INFORMATION_FORMAT = "dwarf-with-dsym";
				ENABLE_NS_ASSERTIONS = NO;
				ENABLE_STRICT_OBJC_MSGSEND = YES;
				EXCLUDED_ARCHS = arm64;
				GCC_C_LANGUAGE_STANDARD = gnu11;
				GCC_NO_COMMON_BLOCKS = YES;
				GCC_WARN_64_TO_32_BIT_CONVERSION = YES;
				GCC_WARN_ABOUT_RETURN_TYPE = YES_ERROR;
				GCC_WARN_UNDECLARED_SELECTOR = YES;
				GCC_WARN_UNINITIALIZED_AUTOS = YES_AGGRESSIVE;
				GCC_WARN_UNUSED_FUNCTION = YES;
				GCC_WARN_UNUSED_VARIABLE = YES;
				IPHONEOS_DEPLOYMENT_TARGET = 12.4;
				MTL_ENABLE_DEBUG_INFO = NO;
				MTL_FAST_MATH = YES;
				SDKROOT = iphoneos;
				SWIFT_COMPILATION_MODE = wholemodule;
				SWIFT_OPTIMIZATION_LEVEL = "-O";
				VALIDATE_PRODUCT = YES;
			};
			name = Release;
		};
		28B0389C2835081E007B3817 /* Debug */ = {
			isa = XCBuildConfiguration;
			baseConfigurationReference = F5A4B8A05BCA2F4C56C0C391 /* Pods-Oc2Swift.debug.xcconfig */;
			buildSettings = {
				ASSETCATALOG_COMPILER_APPICON_NAME = AppIcon;
				ASSETCATALOG_COMPILER_GLOBAL_ACCENT_COLOR_NAME = AccentColor;
				CLANG_ENABLE_MODULES = YES;
				CODE_SIGN_STYLE = Automatic;
				CURRENT_PROJECT_VERSION = 1;
				DEVELOPMENT_TEAM = ML99XNBDRL;
				EXCLUDED_ARCHS = arm64;
				FRAMEWORK_SEARCH_PATHS = (
					"$(inherited)",
					"\"${PODS_ROOT}/Flutter\"",
					"\"${PODS_XCFRAMEWORKS_BUILD_DIR}/Flutter\"",
					"\"$(PROJECT_DIR)/Flutter/Debug/\"",
					"\"$(PROJECT_DIR)/Flutter/\"",
				);
				GENERATE_INFOPLIST_FILE = YES;
				INFOPLIST_FILE = Oc2Swift/Info.plist;
				INFOPLIST_KEY_UIApplicationSupportsIndirectInputEvents = YES;
				INFOPLIST_KEY_UILaunchStoryboardName = LaunchScreen;
				INFOPLIST_KEY_UIMainStoryboardFile = Main;
				INFOPLIST_KEY_UISupportedInterfaceOrientations_iPad = "UIInterfaceOrientationPortrait UIInterfaceOrientationPortraitUpsideDown UIInterfaceOrientationLandscapeLeft UIInterfaceOrientationLandscapeRight";
				INFOPLIST_KEY_UISupportedInterfaceOrientations_iPhone = "UIInterfaceOrientationPortrait UIInterfaceOrientationLandscapeLeft UIInterfaceOrientationLandscapeRight";
				LD_RUNPATH_SEARCH_PATHS = (
					"$(inherited)",
					"@executable_path/Frameworks",
				);
				MARKETING_VERSION = 1.0;
				PRODUCT_BUNDLE_IDENTIFIER = com.behind47.Oc2Swift;
				PRODUCT_NAME = "$(TARGET_NAME)";
				SWIFT_EMIT_LOC_STRINGS = YES;
				SWIFT_OBJC_BRIDGING_HEADER = "Oc2Swift/Oc2Swift-Bridging-Header.h";
				SWIFT_OPTIMIZATION_LEVEL = "-Onone";
				SWIFT_VERSION = 5.0;
				TARGETED_DEVICE_FAMILY = 1;
			};
			name = Debug;
		};
		28B0389D2835081E007B3817 /* Release */ = {
			isa = XCBuildConfiguration;
			baseConfigurationReference = 9957360565F97A6A1508AC4C /* Pods-Oc2Swift.release.xcconfig */;
			buildSettings = {
				ASSETCATALOG_COMPILER_APPICON_NAME = AppIcon;
				ASSETCATALOG_COMPILER_GLOBAL_ACCENT_COLOR_NAME = AccentColor;
				CLANG_ENABLE_MODULES = YES;
				CODE_SIGN_STYLE = Automatic;
				CURRENT_PROJECT_VERSION = 1;
				DEVELOPMENT_TEAM = ML99XNBDRL;
				EXCLUDED_ARCHS = arm64;
				FRAMEWORK_SEARCH_PATHS = (
					"$(inherited)",
					"\"${PODS_ROOT}/Flutter\"",
					"\"${PODS_XCFRAMEWORKS_BUILD_DIR}/Flutter\"",
					"\"$(PROJECT_DIR)/Flutter/Release/\"",
				);
				GENERATE_INFOPLIST_FILE = YES;
				INFOPLIST_FILE = Oc2Swift/Info.plist;
				INFOPLIST_KEY_UIApplicationSupportsIndirectInputEvents = YES;
				INFOPLIST_KEY_UILaunchStoryboardName = LaunchScreen;
				INFOPLIST_KEY_UIMainStoryboardFile = Main;
				INFOPLIST_KEY_UISupportedInterfaceOrientations_iPad = "UIInterfaceOrientationPortrait UIInterfaceOrientationPortraitUpsideDown UIInterfaceOrientationLandscapeLeft UIInterfaceOrientationLandscapeRight";
				INFOPLIST_KEY_UISupportedInterfaceOrientations_iPhone = "UIInterfaceOrientationPortrait UIInterfaceOrientationLandscapeLeft UIInterfaceOrientationLandscapeRight";
				LD_RUNPATH_SEARCH_PATHS = (
					"$(inherited)",
					"@executable_path/Frameworks",
				);
				MARKETING_VERSION = 1.0;
				PRODUCT_BUNDLE_IDENTIFIER = com.behind47.Oc2Swift;
				PRODUCT_NAME = "$(TARGET_NAME)";
				SWIFT_EMIT_LOC_STRINGS = YES;
				SWIFT_OBJC_BRIDGING_HEADER = "Oc2Swift/Oc2Swift-Bridging-Header.h";
				SWIFT_VERSION = 5.0;
				TARGETED_DEVICE_FAMILY = 1;
			};
			name = Release;
		};
		28B0389F2835081E007B3817 /* Debug */ = {
			isa = XCBuildConfiguration;
			baseConfigurationReference = A91FED6C94B45FE335D69F69 /* Pods-Oc2SwiftTests.debug.xcconfig */;
			buildSettings = {
				ALWAYS_EMBED_SWIFT_STANDARD_LIBRARIES = "$(inherited)";
				BUNDLE_LOADER = "$(TEST_HOST)";
				CLANG_ENABLE_MODULES = YES;
				CODE_SIGN_STYLE = Automatic;
				CURRENT_PROJECT_VERSION = 1;
				DEVELOPMENT_TEAM = ML99XNBDRL;
				GENERATE_INFOPLIST_FILE = YES;
				LD_RUNPATH_SEARCH_PATHS = (
					"$(inherited)",
					"@executable_path/Frameworks",
					"@loader_path/Frameworks",
				);
				MARKETING_VERSION = 1.0;
				PRODUCT_BUNDLE_IDENTIFIER = com.behind47.Oc2SwiftTests;
				PRODUCT_NAME = "$(TARGET_NAME)";
				SWIFT_EMIT_LOC_STRINGS = NO;
				SWIFT_OBJC_BRIDGING_HEADER = "Oc2SwiftTests/Oc2SwiftTests-Bridging-Header.h";
				SWIFT_OPTIMIZATION_LEVEL = "-Onone";
				SWIFT_VERSION = 5.0;
				TARGETED_DEVICE_FAMILY = 1;
				TEST_HOST = "$(BUILT_PRODUCTS_DIR)/Oc2Swift.app/Oc2Swift";
			};
			name = Debug;
		};
		28B038A02835081E007B3817 /* Release */ = {
			isa = XCBuildConfiguration;
			baseConfigurationReference = 384AF5065E8F7541B248BDB0 /* Pods-Oc2SwiftTests.release.xcconfig */;
			buildSettings = {
				ALWAYS_EMBED_SWIFT_STANDARD_LIBRARIES = "$(inherited)";
				BUNDLE_LOADER = "$(TEST_HOST)";
				CLANG_ENABLE_MODULES = YES;
				CODE_SIGN_STYLE = Automatic;
				CURRENT_PROJECT_VERSION = 1;
				DEVELOPMENT_TEAM = ML99XNBDRL;
				GENERATE_INFOPLIST_FILE = YES;
				LD_RUNPATH_SEARCH_PATHS = (
					"$(inherited)",
					"@executable_path/Frameworks",
					"@loader_path/Frameworks",
				);
				MARKETING_VERSION = 1.0;
				PRODUCT_BUNDLE_IDENTIFIER = com.behind47.Oc2SwiftTests;
				PRODUCT_NAME = "$(TARGET_NAME)";
				SWIFT_EMIT_LOC_STRINGS = NO;
				SWIFT_OBJC_BRIDGING_HEADER = "Oc2SwiftTests/Oc2SwiftTests-Bridging-Header.h";
				SWIFT_VERSION = 5.0;
				TARGETED_DEVICE_FAMILY = 1;
				TEST_HOST = "$(BUILT_PRODUCTS_DIR)/Oc2Swift.app/Oc2Swift";
			};
			name = Release;
		};
		28B038A22835081E007B3817 /* Debug */ = {
			isa = XCBuildConfiguration;
			buildSettings = {
				ALWAYS_EMBED_SWIFT_STANDARD_LIBRARIES = YES;
				CODE_SIGN_STYLE = Automatic;
				CURRENT_PROJECT_VERSION = 1;
				DEVELOPMENT_TEAM = ML99XNBDRL;
				GENERATE_INFOPLIST_FILE = YES;
				MARKETING_VERSION = 1.0;
				PRODUCT_BUNDLE_IDENTIFIER = com.behind47.Oc2SwiftUITests;
				PRODUCT_NAME = "$(TARGET_NAME)";
				SWIFT_EMIT_LOC_STRINGS = NO;
				SWIFT_VERSION = 5.0;
				TARGETED_DEVICE_FAMILY = 1;
				TEST_TARGET_NAME = Oc2Swift;
			};
			name = Debug;
		};
		28B038A32835081E007B3817 /* Release */ = {
			isa = XCBuildConfiguration;
			buildSettings = {
				ALWAYS_EMBED_SWIFT_STANDARD_LIBRARIES = YES;
				CODE_SIGN_STYLE = Automatic;
				CURRENT_PROJECT_VERSION = 1;
				DEVELOPMENT_TEAM = ML99XNBDRL;
				GENERATE_INFOPLIST_FILE = YES;
				MARKETING_VERSION = 1.0;
				PRODUCT_BUNDLE_IDENTIFIER = com.behind47.Oc2SwiftUITests;
				PRODUCT_NAME = "$(TARGET_NAME)";
				SWIFT_EMIT_LOC_STRINGS = NO;
				SWIFT_VERSION = 5.0;
				TARGETED_DEVICE_FAMILY = 1;
				TEST_TARGET_NAME = Oc2Swift;
			};
			name = Release;
		};
/* End XCBuildConfiguration section */

/* Begin XCConfigurationList section */
		28B0386C2835081C007B3817 /* Build configuration list for PBXProject "Oc2Swift" */ = {
			isa = XCConfigurationList;
			buildConfigurations = (
				28B038992835081E007B3817 /* Debug */,
				28B0389A2835081E007B3817 /* Release */,
			);
			defaultConfigurationIsVisible = 0;
			defaultConfigurationName = Debug;
		};
		28B0389B2835081E007B3817 /* Build configuration list for PBXNativeTarget "Oc2Swift" */ = {
			isa = XCConfigurationList;
			buildConfigurations = (
				28B0389C2835081E007B3817 /* Debug */,
				28B0389D2835081E007B3817 /* Release */,
			);
			defaultConfigurationIsVisible = 0;
			defaultConfigurationName = Debug;
		};
		28B0389E2835081E007B3817 /* Build configuration list for PBXNativeTarget "Oc2SwiftTests" */ = {
			isa = XCConfigurationList;
			buildConfigurations = (
				28B0389F2835081E007B3817 /* Debug */,
				28B038A02835081E007B3817 /* Release */,
			);
			defaultConfigurationIsVisible = 0;
			defaultConfigurationName = Debug;
		};
		28B038A12835081E007B3817 /* Build configuration list for PBXNativeTarget "Oc2SwiftUITests" */ = {
			isa = XCConfigurationList;
			buildConfigurations = (
				28B038A22835081E007B3817 /* Debug */,
				28B038A32835081E007B3817 /* Release */,
			);
			defaultConfigurationIsVisible = 0;
			defaultConfigurationName = Debug;
		};
/* End XCConfigurationList section */
	};
	rootObject = 28B038692835081C007B3817 /* Project object */;
}
